// !$*UTF8*$!
{
	archiveVersion = 1;
	classes = {
	};
	objectVersion = 46;
	objects = {

/* Begin PBXBuildFile section */
		1CA94E7DC9EC4A1583DC6A99 /* libPods.a in Frameworks */ = {isa = PBXBuildFile; fileRef = EB5E8FFC218D4743BF9F1A2B /* libPods.a */; };
		EE14B62F19C296EC00332BE4 /* TSPythonViewController.m in Sources */ = {isa = PBXBuildFile; fileRef = EE14B62E19C296EC00332BE4 /* TSPythonViewController.m */; };
		EE281AD7198A5F6F00F37208 /* Foundation.framework in Frameworks */ = {isa = PBXBuildFile; fileRef = EE281AD6198A5F6F00F37208 /* Foundation.framework */; };
		EE281AD9198A5F6F00F37208 /* CoreGraphics.framework in Frameworks */ = {isa = PBXBuildFile; fileRef = EE281AD8198A5F6F00F37208 /* CoreGraphics.framework */; };
		EE281ADB198A5F6F00F37208 /* UIKit.framework in Frameworks */ = {isa = PBXBuildFile; fileRef = EE281ADA198A5F6F00F37208 /* UIKit.framework */; };
		EE281AE1198A5F6F00F37208 /* InfoPlist.strings in Resources */ = {isa = PBXBuildFile; fileRef = EE281ADF198A5F6F00F37208 /* InfoPlist.strings */; };
		EE281AE3198A5F6F00F37208 /* main.m in Sources */ = {isa = PBXBuildFile; fileRef = EE281AE2198A5F6F00F37208 /* main.m */; };
		EE281AE7198A5F6F00F37208 /* TSAppDelegate.m in Sources */ = {isa = PBXBuildFile; fileRef = EE281AE6198A5F6F00F37208 /* TSAppDelegate.m */; };
		EE281AEA198A5F6F00F37208 /* Main.storyboard in Resources */ = {isa = PBXBuildFile; fileRef = EE281AE8198A5F6F00F37208 /* Main.storyboard */; };
		EE281AED198A5F6F00F37208 /* TSViewController.m in Sources */ = {isa = PBXBuildFile; fileRef = EE281AEC198A5F6F00F37208 /* TSViewController.m */; };
		EE281AEF198A5F6F00F37208 /* Images.xcassets in Resources */ = {isa = PBXBuildFile; fileRef = EE281AEE198A5F6F00F37208 /* Images.xcassets */; };
		EE281AF6198A5F6F00F37208 /* XCTest.framework in Frameworks */ = {isa = PBXBuildFile; fileRef = EE281AF5198A5F6F00F37208 /* XCTest.framework */; };
		EE281AF7198A5F6F00F37208 /* Foundation.framework in Frameworks */ = {isa = PBXBuildFile; fileRef = EE281AD6198A5F6F00F37208 /* Foundation.framework */; };
		EE281AF8198A5F6F00F37208 /* UIKit.framework in Frameworks */ = {isa = PBXBuildFile; fileRef = EE281ADA198A5F6F00F37208 /* UIKit.framework */; };
		EE281B00198A5F6F00F37208 /* InfoPlist.strings in Resources */ = {isa = PBXBuildFile; fileRef = EE281AFE198A5F6F00F37208 /* InfoPlist.strings */; };
		EE281B02198A5F6F00F37208 /* TestTests.m in Sources */ = {isa = PBXBuildFile; fileRef = EE281B01198A5F6F00F37208 /* TestTests.m */; };
		EE281B0D198A5F9E00F37208 /* TSUncaughtExceptionHandler.m in Sources */ = {isa = PBXBuildFile; fileRef = EE281B0C198A5F9E00F37208 /* TSUncaughtExceptionHandler.m */; };
		EE4B6E98199B6DCC00BD3B98 /* TSMyTestView.m in Sources */ = {isa = PBXBuildFile; fileRef = EE4B6E97199B6DCC00BD3B98 /* TSMyTestView.m */; };
		EE4B6E9B199DAE7900BD3B98 /* TSDrawView.m in Sources */ = {isa = PBXBuildFile; fileRef = EE4B6E9A199DAE7900BD3B98 /* TSDrawView.m */; };
		EE85FA261998C14B00A4E99D /* TSAnimViewController.m in Sources */ = {isa = PBXBuildFile; fileRef = EE85FA251998C14B00A4E99D /* TSAnimViewController.m */; };
		EE9CA17A1991D38600A713BA /* BFPaperCheckbox.m in Sources */ = {isa = PBXBuildFile; fileRef = EE9CA1791991D38600A713BA /* BFPaperCheckbox.m */; };
		EE9CA17D1991D3F200A713BA /* UIColor+BFPaperColors.m in Sources */ = {isa = PBXBuildFile; fileRef = EE9CA17C1991D3F200A713BA /* UIColor+BFPaperColors.m */; };
		EE9CA1801993786600A713BA /* TSCollViewController.m in Sources */ = {isa = PBXBuildFile; fileRef = EE9CA17F1993786600A713BA /* TSCollViewController.m */; };
		EE9CA18319937A8500A713BA /* TSCollectionViewLayout.m in Sources */ = {isa = PBXBuildFile; fileRef = EE9CA18219937A8500A713BA /* TSCollectionViewLayout.m */; };
		EEB3C8CF1994E02B0004377C /* UIView+LoadFromNib.m in Sources */ = {isa = PBXBuildFile; fileRef = EEB3C8CE1994E02B0004377C /* UIView+LoadFromNib.m */; };
		EEB5A20F1A19EE3D00681C44 /* Music.m4a in Resources */ = {isa = PBXBuildFile; fileRef = EEB5A20E1A19EE3D00681C44 /* Music.m4a */; };
		EEB5A2121A19F3AC00681C44 /* TSVideoEditerController.m in Sources */ = {isa = PBXBuildFile; fileRef = EEB5A2111A19F3AC00681C44 /* TSVideoEditerController.m */; };
		EEBAB1FB199859D60021D093 /* TSView.m in Sources */ = {isa = PBXBuildFile; fileRef = EEBAB1F9199859D60021D093 /* TSView.m */; };
		EEBAB1FC199859D60021D093 /* TSView.xib in Resources */ = {isa = PBXBuildFile; fileRef = EEBAB1FA199859D60021D093 /* TSView.xib */; };
		EEBF0DDE19A30181006B0DDD /* TSAnim1ViewController.m in Sources */ = {isa = PBXBuildFile; fileRef = EEBF0DDD19A30181006B0DDD /* TSAnim1ViewController.m */; };
		EEBF0DE119A301EA006B0DDD /* TSCycleAnimView.m in Sources */ = {isa = PBXBuildFile; fileRef = EEBF0DE019A301EA006B0DDD /* TSCycleAnimView.m */; };
		EEBF0DE419A341FE006B0DDD /* CatchCrash.m in Sources */ = {isa = PBXBuildFile; fileRef = EEBF0DE319A341FE006B0DDD /* CatchCrash.m */; };
		EEBF7CE91A175672001C3EF2 /* Movie.m4v in Resources */ = {isa = PBXBuildFile; fileRef = EEBF7CE81A175672001C3EF2 /* Movie.m4v */; };
/* End PBXBuildFile section */

/* Begin PBXContainerItemProxy section */
		EE281AF9198A5F6F00F37208 /* PBXContainerItemProxy */ = {
			isa = PBXContainerItemProxy;
			containerPortal = EE281ACB198A5F6F00F37208 /* Project object */;
			proxyType = 1;
			remoteGlobalIDString = EE281AD2198A5F6F00F37208;
			remoteInfo = Test;
		};
/* End PBXContainerItemProxy section */

/* Begin PBXFileReference section */
		201FE8389B3D438CB2411CE4 /* Pods.xcconfig */ = {isa = PBXFileReference; includeInIndex = 1; lastKnownFileType = text.xcconfig; name = Pods.xcconfig; path = Pods/Pods.xcconfig; sourceTree = "<group>"; };
		EB5E8FFC218D4743BF9F1A2B /* libPods.a */ = {isa = PBXFileReference; explicitFileType = archive.ar; includeInIndex = 0; path = libPods.a; sourceTree = BUILT_PRODUCTS_DIR; };
		EE14B62D19C296EC00332BE4 /* TSPythonViewController.h */ = {isa = PBXFileReference; fileEncoding = 4; lastKnownFileType = sourcecode.c.h; path = TSPythonViewController.h; sourceTree = "<group>"; };
		EE14B62E19C296EC00332BE4 /* TSPythonViewController.m */ = {isa = PBXFileReference; fileEncoding = 4; lastKnownFileType = sourcecode.c.objc; path = TSPythonViewController.m; sourceTree = "<group>"; };
		EE281AD3198A5F6F00F37208 /* Test.app */ = {isa = PBXFileReference; explicitFileType = wrapper.application; includeInIndex = 0; path = Test.app; sourceTree = BUILT_PRODUCTS_DIR; };
		EE281AD6198A5F6F00F37208 /* Foundation.framework */ = {isa = PBXFileReference; lastKnownFileType = wrapper.framework; name = Foundation.framework; path = System/Library/Frameworks/Foundation.framework; sourceTree = SDKROOT; };
		EE281AD8198A5F6F00F37208 /* CoreGraphics.framework */ = {isa = PBXFileReference; lastKnownFileType = wrapper.framework; name = CoreGraphics.framework; path = System/Library/Frameworks/CoreGraphics.framework; sourceTree = SDKROOT; };
		EE281ADA198A5F6F00F37208 /* UIKit.framework */ = {isa = PBXFileReference; lastKnownFileType = wrapper.framework; name = UIKit.framework; path = System/Library/Frameworks/UIKit.framework; sourceTree = SDKROOT; };
		EE281ADE198A5F6F00F37208 /* Test-Info.plist */ = {isa = PBXFileReference; lastKnownFileType = text.plist.xml; path = "Test-Info.plist"; sourceTree = "<group>"; };
		EE281AE0198A5F6F00F37208 /* en */ = {isa = PBXFileReference; lastKnownFileType = text.plist.strings; name = en; path = en.lproj/InfoPlist.strings; sourceTree = "<group>"; };
		EE281AE2198A5F6F00F37208 /* main.m */ = {isa = PBXFileReference; lastKnownFileType = sourcecode.c.objc; path = main.m; sourceTree = "<group>"; };
		EE281AE4198A5F6F00F37208 /* Test-Prefix.pch */ = {isa = PBXFileReference; lastKnownFileType = sourcecode.c.h; path = "Test-Prefix.pch"; sourceTree = "<group>"; };
		EE281AE5198A5F6F00F37208 /* TSAppDelegate.h */ = {isa = PBXFileReference; lastKnownFileType = sourcecode.c.h; path = TSAppDelegate.h; sourceTree = "<group>"; };
		EE281AE6198A5F6F00F37208 /* TSAppDelegate.m */ = {isa = PBXFileReference; lastKnownFileType = sourcecode.c.objc; path = TSAppDelegate.m; sourceTree = "<group>"; };
		EE281AE9198A5F6F00F37208 /* Base */ = {isa = PBXFileReference; lastKnownFileType = file.storyboard; name = Base; path = Base.lproj/Main.storyboard; sourceTree = "<group>"; };
		EE281AEB198A5F6F00F37208 /* TSViewController.h */ = {isa = PBXFileReference; lastKnownFileType = sourcecode.c.h; path = TSViewController.h; sourceTree = "<group>"; };
		EE281AEC198A5F6F00F37208 /* TSViewController.m */ = {isa = PBXFileReference; lastKnownFileType = sourcecode.c.objc; path = TSViewController.m; sourceTree = "<group>"; };
		EE281AEE198A5F6F00F37208 /* Images.xcassets */ = {isa = PBXFileReference; lastKnownFileType = folder.assetcatalog; path = Images.xcassets; sourceTree = "<group>"; };
		EE281AF4198A5F6F00F37208 /* TestTests.xctest */ = {isa = PBXFileReference; explicitFileType = wrapper.cfbundle; includeInIndex = 0; path = TestTests.xctest; sourceTree = BUILT_PRODUCTS_DIR; };
		EE281AF5198A5F6F00F37208 /* XCTest.framework */ = {isa = PBXFileReference; lastKnownFileType = wrapper.framework; name = XCTest.framework; path = Library/Frameworks/XCTest.framework; sourceTree = DEVELOPER_DIR; };
		EE281AFD198A5F6F00F37208 /* TestTests-Info.plist */ = {isa = PBXFileReference; lastKnownFileType = text.plist.xml; path = "TestTests-Info.plist"; sourceTree = "<group>"; };
		EE281AFF198A5F6F00F37208 /* en */ = {isa = PBXFileReference; lastKnownFileType = text.plist.strings; name = en; path = en.lproj/InfoPlist.strings; sourceTree = "<group>"; };
		EE281B01198A5F6F00F37208 /* TestTests.m */ = {isa = PBXFileReference; lastKnownFileType = sourcecode.c.objc; path = TestTests.m; sourceTree = "<group>"; };
		EE281B0B198A5F9E00F37208 /* TSUncaughtExceptionHandler.h */ = {isa = PBXFileReference; fileEncoding = 4; lastKnownFileType = sourcecode.c.h; path = TSUncaughtExceptionHandler.h; sourceTree = "<group>"; };
		EE281B0C198A5F9E00F37208 /* TSUncaughtExceptionHandler.m */ = {isa = PBXFileReference; fileEncoding = 4; lastKnownFileType = sourcecode.c.objc; path = TSUncaughtExceptionHandler.m; sourceTree = "<group>"; };
		EE4B6E96199B6DCC00BD3B98 /* TSMyTestView.h */ = {isa = PBXFileReference; fileEncoding = 4; lastKnownFileType = sourcecode.c.h; path = TSMyTestView.h; sourceTree = "<group>"; };
		EE4B6E97199B6DCC00BD3B98 /* TSMyTestView.m */ = {isa = PBXFileReference; fileEncoding = 4; lastKnownFileType = sourcecode.c.objc; path = TSMyTestView.m; sourceTree = "<group>"; };
		EE4B6E99199DAE7900BD3B98 /* TSDrawView.h */ = {isa = PBXFileReference; fileEncoding = 4; lastKnownFileType = sourcecode.c.h; path = TSDrawView.h; sourceTree = "<group>"; };
		EE4B6E9A199DAE7900BD3B98 /* TSDrawView.m */ = {isa = PBXFileReference; fileEncoding = 4; lastKnownFileType = sourcecode.c.objc; path = TSDrawView.m; sourceTree = "<group>"; };
		EE85FA241998C14B00A4E99D /* TSAnimViewController.h */ = {isa = PBXFileReference; fileEncoding = 4; lastKnownFileType = sourcecode.c.h; path = TSAnimViewController.h; sourceTree = "<group>"; };
		EE85FA251998C14B00A4E99D /* TSAnimViewController.m */ = {isa = PBXFileReference; fileEncoding = 4; lastKnownFileType = sourcecode.c.objc; path = TSAnimViewController.m; sourceTree = "<group>"; };
		EE9CA1781991D38600A713BA /* BFPaperCheckbox.h */ = {isa = PBXFileReference; fileEncoding = 4; lastKnownFileType = sourcecode.c.h; path = BFPaperCheckbox.h; sourceTree = "<group>"; };
		EE9CA1791991D38600A713BA /* BFPaperCheckbox.m */ = {isa = PBXFileReference; fileEncoding = 4; lastKnownFileType = sourcecode.c.objc; path = BFPaperCheckbox.m; sourceTree = "<group>"; };
		EE9CA17B1991D3F200A713BA /* UIColor+BFPaperColors.h */ = {isa = PBXFileReference; fileEncoding = 4; lastKnownFileType = sourcecode.c.h; path = "UIColor+BFPaperColors.h"; sourceTree = "<group>"; };
		EE9CA17C1991D3F200A713BA /* UIColor+BFPaperColors.m */ = {isa = PBXFileReference; fileEncoding = 4; lastKnownFileType = sourcecode.c.objc; path = "UIColor+BFPaperColors.m"; sourceTree = "<group>"; };
		EE9CA17E1993786600A713BA /* TSCollViewController.h */ = {isa = PBXFileReference; fileEncoding = 4; lastKnownFileType = sourcecode.c.h; path = TSCollViewController.h; sourceTree = "<group>"; };
		EE9CA17F1993786600A713BA /* TSCollViewController.m */ = {isa = PBXFileReference; fileEncoding = 4; lastKnownFileType = sourcecode.c.objc; path = TSCollViewController.m; sourceTree = "<group>"; };
		EE9CA18119937A8500A713BA /* TSCollectionViewLayout.h */ = {isa = PBXFileReference; fileEncoding = 4; lastKnownFileType = sourcecode.c.h; path = TSCollectionViewLayout.h; sourceTree = "<group>"; };
		EE9CA18219937A8500A713BA /* TSCollectionViewLayout.m */ = {isa = PBXFileReference; fileEncoding = 4; lastKnownFileType = sourcecode.c.objc; path = TSCollectionViewLayout.m; sourceTree = "<group>"; };
		EEB3C8CD1994E02B0004377C /* UIView+LoadFromNib.h */ = {isa = PBXFileReference; fileEncoding = 4; lastKnownFileType = sourcecode.c.h; path = "UIView+LoadFromNib.h"; sourceTree = "<group>"; };
		EEB3C8CE1994E02B0004377C /* UIView+LoadFromNib.m */ = {isa = PBXFileReference; fileEncoding = 4; lastKnownFileType = sourcecode.c.objc; path = "UIView+LoadFromNib.m"; sourceTree = "<group>"; };
		EEB5A20E1A19EE3D00681C44 /* Music.m4a */ = {isa = PBXFileReference; lastKnownFileType = file; path = Music.m4a; sourceTree = "<group>"; };
		EEB5A2101A19F3AC00681C44 /* TSVideoEditerController.h */ = {isa = PBXFileReference; fileEncoding = 4; lastKnownFileType = sourcecode.c.h; path = TSVideoEditerController.h; sourceTree = "<group>"; };
		EEB5A2111A19F3AC00681C44 /* TSVideoEditerController.m */ = {isa = PBXFileReference; fileEncoding = 4; lastKnownFileType = sourcecode.c.objc; path = TSVideoEditerController.m; sourceTree = "<group>"; };
		EEBAB1F8199859D60021D093 /* TSView.h */ = {isa = PBXFileReference; fileEncoding = 4; lastKnownFileType = sourcecode.c.h; path = TSView.h; sourceTree = "<group>"; };
		EEBAB1F9199859D60021D093 /* TSView.m */ = {isa = PBXFileReference; fileEncoding = 4; lastKnownFileType = sourcecode.c.objc; path = TSView.m; sourceTree = "<group>"; };
		EEBAB1FA199859D60021D093 /* TSView.xib */ = {isa = PBXFileReference; fileEncoding = 4; lastKnownFileType = file.xib; path = TSView.xib; sourceTree = "<group>"; };
		EEBF0DDC19A30181006B0DDD /* TSAnim1ViewController.h */ = {isa = PBXFileReference; fileEncoding = 4; lastKnownFileType = sourcecode.c.h; path = TSAnim1ViewController.h; sourceTree = "<group>"; };
		EEBF0DDD19A30181006B0DDD /* TSAnim1ViewController.m */ = {isa = PBXFileReference; fileEncoding = 4; lastKnownFileType = sourcecode.c.objc; path = TSAnim1ViewController.m; sourceTree = "<group>"; };
		EEBF0DDF19A301EA006B0DDD /* TSCycleAnimView.h */ = {isa = PBXFileReference; fileEncoding = 4; lastKnownFileType = sourcecode.c.h; path = TSCycleAnimView.h; sourceTree = "<group>"; };
		EEBF0DE019A301EA006B0DDD /* TSCycleAnimView.m */ = {isa = PBXFileReference; fileEncoding = 4; lastKnownFileType = sourcecode.c.objc; path = TSCycleAnimView.m; sourceTree = "<group>"; };
		EEBF0DE219A341FE006B0DDD /* CatchCrash.h */ = {isa = PBXFileReference; fileEncoding = 4; lastKnownFileType = sourcecode.c.h; path = CatchCrash.h; sourceTree = "<group>"; };
		EEBF0DE319A341FE006B0DDD /* CatchCrash.m */ = {isa = PBXFileReference; fileEncoding = 4; lastKnownFileType = sourcecode.c.objc; path = CatchCrash.m; sourceTree = "<group>"; };
		EEBF7CE81A175672001C3EF2 /* Movie.m4v */ = {isa = PBXFileReference; lastKnownFileType = file; path = Movie.m4v; sourceTree = "<group>"; };
/* End PBXFileReference section */

/* Begin PBXFrameworksBuildPhase section */
		EE281AD0198A5F6F00F37208 /* Frameworks */ = {
			isa = PBXFrameworksBuildPhase;
			buildActionMask = 2147483647;
			files = (
				EE281AD9198A5F6F00F37208 /* CoreGraphics.framework in Frameworks */,
				EE281ADB198A5F6F00F37208 /* UIKit.framework in Frameworks */,
				EE281AD7198A5F6F00F37208 /* Foundation.framework in Frameworks */,
				1CA94E7DC9EC4A1583DC6A99 /* libPods.a in Frameworks */,
			);
			runOnlyForDeploymentPostprocessing = 0;
		};
		EE281AF1198A5F6F00F37208 /* Frameworks */ = {
			isa = PBXFrameworksBuildPhase;
			buildActionMask = 2147483647;
			files = (
				EE281AF6198A5F6F00F37208 /* XCTest.framework in Frameworks */,
				EE281AF8198A5F6F00F37208 /* UIKit.framework in Frameworks */,
				EE281AF7198A5F6F00F37208 /* Foundation.framework in Frameworks */,
			);
			runOnlyForDeploymentPostprocessing = 0;
		};
/* End PBXFrameworksBuildPhase section */

/* Begin PBXGroup section */
		EE281ACA198A5F6F00F37208 = {
			isa = PBXGroup;
			children = (
				EE9CA1771991D36C00A713BA /* 库测试 */,
				EE281ADC198A5F6F00F37208 /* Test */,
				EE281AFB198A5F6F00F37208 /* TestTests */,
				EE281AD5198A5F6F00F37208 /* Frameworks */,
				EE281AD4198A5F6F00F37208 /* Products */,
				201FE8389B3D438CB2411CE4 /* Pods.xcconfig */,
			);
			sourceTree = "<group>";
		};
		EE281AD4198A5F6F00F37208 /* Products */ = {
			isa = PBXGroup;
			children = (
				EE281AD3198A5F6F00F37208 /* Test.app */,
				EE281AF4198A5F6F00F37208 /* TestTests.xctest */,
			);
			name = Products;
			sourceTree = "<group>";
		};
		EE281AD5198A5F6F00F37208 /* Frameworks */ = {
			isa = PBXGroup;
			children = (
				EE281AD6198A5F6F00F37208 /* Foundation.framework */,
				EE281AD8198A5F6F00F37208 /* CoreGraphics.framework */,
				EE281ADA198A5F6F00F37208 /* UIKit.framework */,
				EE281AF5198A5F6F00F37208 /* XCTest.framework */,
				EB5E8FFC218D4743BF9F1A2B /* libPods.a */,
			);
			name = Frameworks;
			sourceTree = "<group>";
		};
		EE281ADC198A5F6F00F37208 /* Test */ = {
			isa = PBXGroup;
			children = (
				EEB3C8CD1994E02B0004377C /* UIView+LoadFromNib.h */,
				EEB3C8CE1994E02B0004377C /* UIView+LoadFromNib.m */,
				EE281AE5198A5F6F00F37208 /* TSAppDelegate.h */,
				EE281AE6198A5F6F00F37208 /* TSAppDelegate.m */,
				EE281AE8198A5F6F00F37208 /* Main.storyboard */,
				EE281AEB198A5F6F00F37208 /* TSViewController.h */,
				EE281AEC198A5F6F00F37208 /* TSViewController.m */,
				EE281AEE198A5F6F00F37208 /* Images.xcassets */,
				EE281ADD198A5F6F00F37208 /* Supporting Files */,
				EE281B0B198A5F9E00F37208 /* TSUncaughtExceptionHandler.h */,
				EE281B0C198A5F9E00F37208 /* TSUncaughtExceptionHandler.m */,
				EE9CA17E1993786600A713BA /* TSCollViewController.h */,
				EE9CA17F1993786600A713BA /* TSCollViewController.m */,
				EE9CA18119937A8500A713BA /* TSCollectionViewLayout.h */,
				EE9CA18219937A8500A713BA /* TSCollectionViewLayout.m */,
				EEBAB1F8199859D60021D093 /* TSView.h */,
				EEBAB1F9199859D60021D093 /* TSView.m */,
				EEBAB1FA199859D60021D093 /* TSView.xib */,
				EE85FA241998C14B00A4E99D /* TSAnimViewController.h */,
				EE85FA251998C14B00A4E99D /* TSAnimViewController.m */,
				EE4B6E96199B6DCC00BD3B98 /* TSMyTestView.h */,
				EE4B6E97199B6DCC00BD3B98 /* TSMyTestView.m */,
				EE4B6E99199DAE7900BD3B98 /* TSDrawView.h */,
				EE4B6E9A199DAE7900BD3B98 /* TSDrawView.m */,
				EEBF0DDC19A30181006B0DDD /* TSAnim1ViewController.h */,
				EEBF0DDD19A30181006B0DDD /* TSAnim1ViewController.m */,
				EEBF0DDF19A301EA006B0DDD /* TSCycleAnimView.h */,
				EEBF0DE019A301EA006B0DDD /* TSCycleAnimView.m */,
				EEBF0DE219A341FE006B0DDD /* CatchCrash.h */,
				EEBF0DE319A341FE006B0DDD /* CatchCrash.m */,
				EE14B62D19C296EC00332BE4 /* TSPythonViewController.h */,
				EE14B62E19C296EC00332BE4 /* TSPythonViewController.m */,
				EEB5A2101A19F3AC00681C44 /* TSVideoEditerController.h */,
				EEB5A2111A19F3AC00681C44 /* TSVideoEditerController.m */,
			);
			path = Test;
			sourceTree = "<group>";
		};
		EE281ADD198A5F6F00F37208 /* Supporting Files */ = {
			isa = PBXGroup;
			children = (
				EEB5A20E1A19EE3D00681C44 /* Music.m4a */,
				EEBF7CE81A175672001C3EF2 /* Movie.m4v */,
				EE281ADE198A5F6F00F37208 /* Test-Info.plist */,
				EE281ADF198A5F6F00F37208 /* InfoPlist.strings */,
				EE281AE2198A5F6F00F37208 /* main.m */,
				EE281AE4198A5F6F00F37208 /* Test-Prefix.pch */,
			);
			name = "Supporting Files";
			sourceTree = "<group>";
		};
		EE281AFB198A5F6F00F37208 /* TestTests */ = {
			isa = PBXGroup;
			children = (
				EE281B01198A5F6F00F37208 /* TestTests.m */,
				EE281AFC198A5F6F00F37208 /* Supporting Files */,
			);
			path = TestTests;
			sourceTree = "<group>";
		};
		EE281AFC198A5F6F00F37208 /* Supporting Files */ = {
			isa = PBXGroup;
			children = (
				EE281AFD198A5F6F00F37208 /* TestTests-Info.plist */,
				EE281AFE198A5F6F00F37208 /* InfoPlist.strings */,
			);
			name = "Supporting Files";
			sourceTree = "<group>";
		};
		EE9CA1771991D36C00A713BA /* 库测试 */ = {
			isa = PBXGroup;
			children = (
				EE9CA17B1991D3F200A713BA /* UIColor+BFPaperColors.h */,
				EE9CA17C1991D3F200A713BA /* UIColor+BFPaperColors.m */,
				EE9CA1781991D38600A713BA /* BFPaperCheckbox.h */,
				EE9CA1791991D38600A713BA /* BFPaperCheckbox.m */,
			);
			path = "库测试";
			sourceTree = "<group>";
		};
/* End PBXGroup section */

/* Begin PBXNativeTarget section */
		EE281AD2198A5F6F00F37208 /* Test */ = {
			isa = PBXNativeTarget;
			buildConfigurationList = EE281B05198A5F6F00F37208 /* Build configuration list for PBXNativeTarget "Test" */;
			buildPhases = (
				F582C9BF89CE495C8C98A660 /* Check Pods Manifest.lock */,
				EE281ACF198A5F6F00F37208 /* Sources */,
				EE281AD0198A5F6F00F37208 /* Frameworks */,
				EE281AD1198A5F6F00F37208 /* Resources */,
				79FE340A8B3A4D588E60C18B /* Copy Pods Resources */,
			);
			buildRules = (
			);
			dependencies = (
			);
			name = Test;
			productName = Test;
			productReference = EE281AD3198A5F6F00F37208 /* Test.app */;
			productType = "com.apple.product-type.application";
		};
		EE281AF3198A5F6F00F37208 /* TestTests */ = {
			isa = PBXNativeTarget;
			buildConfigurationList = EE281B08198A5F6F00F37208 /* Build configuration list for PBXNativeTarget "TestTests" */;
			buildPhases = (
				EE281AF0198A5F6F00F37208 /* Sources */,
				EE281AF1198A5F6F00F37208 /* Frameworks */,
				EE281AF2198A5F6F00F37208 /* Resources */,
			);
			buildRules = (
			);
			dependencies = (
				EE281AFA198A5F6F00F37208 /* PBXTargetDependency */,
			);
			name = TestTests;
			productName = TestTests;
			productReference = EE281AF4198A5F6F00F37208 /* TestTests.xctest */;
			productType = "com.apple.product-type.bundle.unit-test";
		};
/* End PBXNativeTarget section */

/* Begin PBXProject section */
		EE281ACB198A5F6F00F37208 /* Project object */ = {
			isa = PBXProject;
			attributes = {
				CLASSPREFIX = TS;
				LastUpgradeCheck = 0510;
				ORGANIZATIONNAME = platomix;
				TargetAttributes = {
					EE281AF3198A5F6F00F37208 = {
						TestTargetID = EE281AD2198A5F6F00F37208;
					};
				};
			};
			buildConfigurationList = EE281ACE198A5F6F00F37208 /* Build configuration list for PBXProject "Test" */;
			compatibilityVersion = "Xcode 3.2";
			developmentRegion = English;
			hasScannedForEncodings = 0;
			knownRegions = (
				en,
				Base,
			);
			mainGroup = EE281ACA198A5F6F00F37208;
			productRefGroup = EE281AD4198A5F6F00F37208 /* Products */;
			projectDirPath = "";
			projectRoot = "";
			targets = (
				EE281AD2198A5F6F00F37208 /* Test */,
				EE281AF3198A5F6F00F37208 /* TestTests */,
			);
		};
/* End PBXProject section */

/* Begin PBXResourcesBuildPhase section */
		EE281AD1198A5F6F00F37208 /* Resources */ = {
			isa = PBXResourcesBuildPhase;
			buildActionMask = 2147483647;
			files = (
				EEB5A20F1A19EE3D00681C44 /* Music.m4a in Resources */,
				EE281AEF198A5F6F00F37208 /* Images.xcassets in Resources */,
				EE281AE1198A5F6F00F37208 /* InfoPlist.strings in Resources */,
				EEBAB1FC199859D60021D093 /* TSView.xib in Resources */,
				EE281AEA198A5F6F00F37208 /* Main.storyboard in Resources */,
				EEBF7CE91A175672001C3EF2 /* Movie.m4v in Resources */,
			);
			runOnlyForDeploymentPostprocessing = 0;
		};
		EE281AF2198A5F6F00F37208 /* Resources */ = {
			isa = PBXResourcesBuildPhase;
			buildActionMask = 2147483647;
			files = (
				EE281B00198A5F6F00F37208 /* InfoPlist.strings in Resources */,
			);
			runOnlyForDeploymentPostprocessing = 0;
		};
/* End PBXResourcesBuildPhase section */

/* Begin PBXShellScriptBuildPhase section */
		79FE340A8B3A4D588E60C18B /* Copy Pods Resources */ = {
			isa = PBXShellScriptBuildPhase;
			buildActionMask = 2147483647;
			files = (
			);
			inputPaths = (
			);
			name = "Copy Pods Resources";
			outputPaths = (
			);
			runOnlyForDeploymentPostprocessing = 0;
			shellPath = /bin/sh;
			shellScript = "\"${SRCROOT}/Pods/Pods-resources.sh\"\n";
			showEnvVarsInLog = 0;
		};
		F582C9BF89CE495C8C98A660 /* Check Pods Manifest.lock */ = {
			isa = PBXShellScriptBuildPhase;
			buildActionMask = 2147483647;
			files = (
			);
			inputPaths = (
			);
			name = "Check Pods Manifest.lock";
			outputPaths = (
			);
			runOnlyForDeploymentPostprocessing = 0;
			shellPath = /bin/sh;
			shellScript = "diff \"${PODS_ROOT}/../Podfile.lock\" \"${PODS_ROOT}/Manifest.lock\" > /dev/null\nif [[ $? != 0 ]] ; then\n    cat << EOM\nerror: The sandbox is not in sync with the Podfile.lock. Run 'pod install' or update your CocoaPods installation.\nEOM\n    exit 1\nfi\n";
			showEnvVarsInLog = 0;
		};
/* End PBXShellScriptBuildPhase section */

/* Begin PBXSourcesBuildPhase section */
		EE281ACF198A5F6F00F37208 /* Sources */ = {
			isa = PBXSourcesBuildPhase;
			buildActionMask = 2147483647;
			files = (
				EE14B62F19C296EC00332BE4 /* TSPythonViewController.m in Sources */,
				EE9CA17D1991D3F200A713BA /* UIColor+BFPaperColors.m in Sources */,
				EE85FA261998C14B00A4E99D /* TSAnimViewController.m in Sources */,
				EE281AE3198A5F6F00F37208 /* main.m in Sources */,
				EE281AE7198A5F6F00F37208 /* TSAppDelegate.m in Sources */,
				EEBF0DE119A301EA006B0DDD /* TSCycleAnimView.m in Sources */,
				EE4B6E9B199DAE7900BD3B98 /* TSDrawView.m in Sources */,
				EEB3C8CF1994E02B0004377C /* UIView+LoadFromNib.m in Sources */,
				EEBF0DDE19A30181006B0DDD /* TSAnim1ViewController.m in Sources */,
				EEBAB1FB199859D60021D093 /* TSView.m in Sources */,
				EE281B0D198A5F9E00F37208 /* TSUncaughtExceptionHandler.m in Sources */,
				EE9CA1801993786600A713BA /* TSCollViewController.m in Sources */,
				EEBF0DE419A341FE006B0DDD /* CatchCrash.m in Sources */,
				EE9CA17A1991D38600A713BA /* BFPaperCheckbox.m in Sources */,
				EE4B6E98199B6DCC00BD3B98 /* TSMyTestView.m in Sources */,
				EEB5A2121A19F3AC00681C44 /* TSVideoEditerController.m in Sources */,
				EE281AED198A5F6F00F37208 /* TSViewController.m in Sources */,
				EE9CA18319937A8500A713BA /* TSCollectionViewLayout.m in Sources */,
			);
			runOnlyForDeploymentPostprocessing = 0;
		};
		EE281AF0198A5F6F00F37208 /* Sources */ = {
			isa = PBXSourcesBuildPhase;
			buildActionMask = 2147483647;
			files = (
				EE281B02198A5F6F00F37208 /* TestTests.m in Sources */,
			);
			runOnlyForDeploymentPostprocessing = 0;
		};
/* End PBXSourcesBuildPhase section */

/* Begin PBXTargetDependency section */
		EE281AFA198A5F6F00F37208 /* PBXTargetDependency */ = {
			isa = PBXTargetDependency;
			target = EE281AD2198A5F6F00F37208 /* Test */;
			targetProxy = EE281AF9198A5F6F00F37208 /* PBXContainerItemProxy */;
		};
/* End PBXTargetDependency section */

/* Begin PBXVariantGroup section */
		EE281ADF198A5F6F00F37208 /* InfoPlist.strings */ = {
			isa = PBXVariantGroup;
			children = (
				EE281AE0198A5F6F00F37208 /* en */,
			);
			name = InfoPlist.strings;
			sourceTree = "<group>";
		};
		EE281AE8198A5F6F00F37208 /* Main.storyboard */ = {
			isa = PBXVariantGroup;
			children = (
				EE281AE9198A5F6F00F37208 /* Base */,
			);
			name = Main.storyboard;
			sourceTree = "<group>";
		};
		EE281AFE198A5F6F00F37208 /* InfoPlist.strings */ = {
			isa = PBXVariantGroup;
			children = (
				EE281AFF198A5F6F00F37208 /* en */,
			);
			name = InfoPlist.strings;
			sourceTree = "<group>";
		};
/* End PBXVariantGroup section */

/* Begin XCBuildConfiguration section */
		EE281B03198A5F6F00F37208 /* Debug */ = {
			isa = XCBuildConfiguration;
			buildSettings = {
				ALWAYS_SEARCH_USER_PATHS = NO;
				CLANG_CXX_LANGUAGE_STANDARD = "gnu++0x";
				CLANG_CXX_LIBRARY = "libc++";
				CLANG_ENABLE_MODULES = YES;
				CLANG_ENABLE_OBJC_ARC = YES;
				CLANG_WARN_BOOL_CONVERSION = YES;
				CLANG_WARN_CONSTANT_CONVERSION = YES;
				CLANG_WARN_DIRECT_OBJC_ISA_USAGE = YES_ERROR;
				CLANG_WARN_EMPTY_BODY = YES;
				CLANG_WARN_ENUM_CONVERSION = YES;
				CLANG_WARN_INT_CONVERSION = YES;
				CLANG_WARN_OBJC_ROOT_CLASS = YES_ERROR;
				CLANG_WARN__DUPLICATE_METHOD_MATCH = YES;
				"CODE_SIGN_IDENTITY[sdk=iphoneos*]" = "iPhone Developer";
				COPY_PHASE_STRIP = NO;
				GCC_C_LANGUAGE_STANDARD = gnu99;
				GCC_DYNAMIC_NO_PIC = NO;
				GCC_OPTIMIZATION_LEVEL = 0;
				GCC_PREPROCESSOR_DEFINITIONS = (
					"DEBUG=1",
					"$(inherited)",
				);
				GCC_SYMBOLS_PRIVATE_EXTERN = NO;
				GCC_WARN_64_TO_32_BIT_CONVERSION = YES;
				GCC_WARN_ABOUT_RETURN_TYPE = YES_ERROR;
				GCC_WARN_UNDECLARED_SELECTOR = YES;
				GCC_WARN_UNINITIALIZED_AUTOS = YES_AGGRESSIVE;
				GCC_WARN_UNUSED_FUNCTION = YES;
				GCC_WARN_UNUSED_VARIABLE = YES;
				IPHONEOS_DEPLOYMENT_TARGET = 7.1;
				ONLY_ACTIVE_ARCH = YES;
				SDKROOT = iphoneos;
			};
			name = Debug;
		};
		EE281B04198A5F6F00F37208 /* Release */ = {
			isa = XCBuildConfiguration;
			buildSettings = {
				ALWAYS_SEARCH_USER_PATHS = NO;
				CLANG_CXX_LANGUAGE_STANDARD = "gnu++0x";
				CLANG_CXX_LIBRARY = "libc++";
				CLANG_ENABLE_MODULES = YES;
				CLANG_ENABLE_OBJC_ARC = YES;
				CLANG_WARN_BOOL_CONVERSION = YES;
				CLANG_WARN_CONSTANT_CONVERSION = YES;
				CLANG_WARN_DIRECT_OBJC_ISA_USAGE = YES_ERROR;
				CLANG_WARN_EMPTY_BODY = YES;
				CLANG_WARN_ENUM_CONVERSION = YES;
				CLANG_WARN_INT_CONVERSION = YES;
				CLANG_WARN_OBJC_ROOT_CLASS = YES_ERROR;
				CLANG_WARN__DUPLICATE_METHOD_MATCH = YES;
				"CODE_SIGN_IDENTITY[sdk=iphoneos*]" = "iPhone Developer";
				COPY_PHASE_STRIP = YES;
				ENABLE_NS_ASSERTIONS = NO;
				GCC_C_LANGUAGE_STANDARD = gnu99;
				GCC_WARN_64_TO_32_BIT_CONVERSION = YES;
				GCC_WARN_ABOUT_RETURN_TYPE = YES_ERROR;
				GCC_WARN_UNDECLARED_SELECTOR = YES;
				GCC_WARN_UNINITIALIZED_AUTOS = YES_AGGRESSIVE;
				GCC_WARN_UNUSED_FUNCTION = YES;
				GCC_WARN_UNUSED_VARIABLE = YES;
				IPHONEOS_DEPLOYMENT_TARGET = 7.1;
				SDKROOT = iphoneos;
				VALIDATE_PRODUCT = YES;
			};
			name = Release;
		};
		EE281B06198A5F6F00F37208 /* Debug */ = {
			isa = XCBuildConfiguration;
			baseConfigurationReference = 201FE8389B3D438CB2411CE4 /* Pods.xcconfig */;
			buildSettings = {
				ASSETCATALOG_COMPILER_APPICON_NAME = AppIcon;
				ASSETCATALOG_COMPILER_LAUNCHIMAGE_NAME = LaunchImage;
				GCC_PRECOMPILE_PREFIX_HEADER = YES;
				GCC_PREFIX_HEADER = "Test/Test-Prefix.pch";
				INFOPLIST_FILE = "Test/Test-Info.plist";
				PRODUCT_NAME = "$(TARGET_NAME)";
				WRAPPER_EXTENSION = app;
			};
			name = Debug;
		};
		EE281B07198A5F6F00F37208 /* Release */ = {
			isa = XCBuildConfiguration;
			baseConfigurationReference = 201FE8389B3D438CB2411CE4 /* Pods.xcconfig */;
			buildSettings = {
				ASSETCATALOG_COMPILER_APPICON_NAME = AppIcon;
				ASSETCATALOG_COMPILER_LAUNCHIMAGE_NAME = LaunchImage;
				GCC_PRECOMPILE_PREFIX_HEADER = YES;
				GCC_PREFIX_HEADER = "Test/Test-Prefix.pch";
				INFOPLIST_FILE = "Test/Test-Info.plist";
				PRODUCT_NAME = "$(TARGET_NAME)";
				WRAPPER_EXTENSION = app;
			};
			name = Release;
		};
		EE281B09198A5F6F00F37208 /* Debug */ = {
			isa = XCBuildConfiguration;
			buildSettings = {
				BUNDLE_LOADER = "$(BUILT_PRODUCTS_DIR)/Test.app/Test";
				FRAMEWORK_SEARCH_PATHS = (
					"$(SDKROOT)/Developer/Library/Frameworks",
					"$(inherited)",
					"$(DEVELOPER_FRAMEWORKS_DIR)",
				);
				GCC_PRECOMPILE_PREFIX_HEADER = YES;
				GCC_PREFIX_HEADER = "Test/Test-Prefix.pch";
				GCC_PREPROCESSOR_DEFINITIONS = (
					"DEBUG=1",
					"$(inherited)",
				);
				INFOPLIST_FILE = "TestTests/TestTests-Info.plist";
				PRODUCT_NAME = "$(TARGET_NAME)";
				TEST_HOST = "$(BUNDLE_LOADER)";
				WRAPPER_EXTENSION = xctest;
			};
			name = Debug;
		};
		EE281B0A198A5F6F00F37208 /* Release */ = {
			isa = XCBuildConfiguration;
			buildSettings = {
				BUNDLE_LOADER = "$(BUILT_PRODUCTS_DIR)/Test.app/Test";
				FRAMEWORK_SEARCH_PATHS = (
					"$(SDKROOT)/Developer/Library/Frameworks",
					"$(inherited)",
					"$(DEVELOPER_FRAMEWORKS_DIR)",
				);
				GCC_PRECOMPILE_PREFIX_HEADER = YES;
				GCC_PREFIX_HEADER = "Test/Test-Prefix.pch";
				INFOPLIST_FILE = "TestTests/TestTests-Info.plist";
				PRODUCT_NAME = "$(TARGET_NAME)";
				TEST_HOST = "$(BUNDLE_LOADER)";
				WRAPPER_EXTENSION = xctest;
			};
			name = Release;
		};
/* End XCBuildConfiguration section */

/* Begin XCConfigurationList section */
		EE281ACE198A5F6F00F37208 /* Build configuration list for PBXProject "Test" */ = {
			isa = XCConfigurationList;
			buildConfigurations = (
				EE281B03198A5F6F00F37208 /* Debug */,
				EE281B04198A5F6F00F37208 /* Release */,
			);
			defaultConfigurationIsVisible = 0;
			defaultConfigurationName = Release;
		};
		EE281B05198A5F6F00F37208 /* Build configuration list for PBXNativeTarget "Test" */ = {
			isa = XCConfigurationList;
			buildConfigurations = (
				EE281B06198A5F6F00F37208 /* Debug */,
				EE281B07198A5F6F00F37208 /* Release */,
			);
			defaultConfigurationIsVisible = 0;
			defaultConfigurationName = Release;
		};
		EE281B08198A5F6F00F37208 /* Build configuration list for PBXNativeTarget "TestTests" */ = {
			isa = XCConfigurationList;
			buildConfigurations = (
				EE281B09198A5F6F00F37208 /* Debug */,
				EE281B0A198A5F6F00F37208 /* Release */,
			);
			defaultConfigurationIsVisible = 0;
			defaultConfigurationName = Release;
		};
/* End XCConfigurationList section */
	};
	rootObject = EE281ACB198A5F6F00F37208 /* Project object */;
}
