<?xml version="1.0" encoding="UTF-8"?>
<!DOCTYPE plist PUBLIC "-//Apple//DTD PLIST 1.0//EN" "http://www.apple.com/DTDs/PropertyList-1.0.dtd">
<plist version="1.0">
<dict>
	<key>archiveVersion</key>
	<string>1</string>
	<key>classes</key>
	<dict/>
	<key>objectVersion</key>
	<string>46</string>
	<key>objects</key>
	<dict>
		<key>1CA94E7DC9EC4A1583DC6A99</key>
		<dict>
			<key>fileRef</key>
			<string>EB5E8FFC218D4743BF9F1A2B</string>
			<key>isa</key>
			<string>PBXBuildFile</string>
		</dict>
		<key>3CB00018322C6534A1719757</key>
		<dict>
			<key>includeInIndex</key>
			<string>1</string>
			<key>isa</key>
			<string>PBXFileReference</string>
			<key>lastKnownFileType</key>
			<string>text.xcconfig</string>
			<key>name</key>
			<string>Pods.debug.xcconfig</string>
			<key>path</key>
			<string>Pods/Target Support Files/Pods/Pods.debug.xcconfig</string>
			<key>sourceTree</key>
			<string>&lt;group&gt;</string>
		</dict>
		<key>7121AEC65FDACBB398E3230E</key>
		<dict>
			<key>children</key>
			<array>
				<string>3CB00018322C6534A1719757</string>
				<string>770D7CBAEF7447E777F4AF01</string>
			</array>
			<key>isa</key>
			<string>PBXGroup</string>
			<key>name</key>
			<string>Pods</string>
			<key>sourceTree</key>
			<string>&lt;group&gt;</string>
		</dict>
		<key>770D7CBAEF7447E777F4AF01</key>
		<dict>
			<key>includeInIndex</key>
			<string>1</string>
			<key>isa</key>
			<string>PBXFileReference</string>
			<key>lastKnownFileType</key>
			<string>text.xcconfig</string>
			<key>name</key>
			<string>Pods.release.xcconfig</string>
			<key>path</key>
			<string>Pods/Target Support Files/Pods/Pods.release.xcconfig</string>
			<key>sourceTree</key>
			<string>&lt;group&gt;</string>
		</dict>
		<key>79FE340A8B3A4D588E60C18B</key>
		<dict>
			<key>buildActionMask</key>
			<string>2147483647</string>
			<key>files</key>
			<array/>
			<key>inputPaths</key>
			<array/>
			<key>isa</key>
			<string>PBXShellScriptBuildPhase</string>
			<key>name</key>
			<string>Copy Pods Resources</string>
			<key>outputPaths</key>
			<array/>
			<key>runOnlyForDeploymentPostprocessing</key>
			<string>0</string>
			<key>shellPath</key>
			<string>/bin/sh</string>
			<key>shellScript</key>
			<string>"${SRCROOT}/Pods/Target Support Files/Pods/Pods-resources.sh"
</string>
			<key>showEnvVarsInLog</key>
			<string>0</string>
		</dict>
		<key>EB5E8FFC218D4743BF9F1A2B</key>
		<dict>
			<key>explicitFileType</key>
			<string>archive.ar</string>
			<key>includeInIndex</key>
			<string>0</string>
			<key>isa</key>
			<string>PBXFileReference</string>
			<key>path</key>
			<string>libPods.a</string>
			<key>sourceTree</key>
			<string>BUILT_PRODUCTS_DIR</string>
		</dict>
		<key>EE14B62D19C296EC00332BE4</key>
		<dict>
			<key>fileEncoding</key>
			<string>4</string>
			<key>isa</key>
			<string>PBXFileReference</string>
			<key>lastKnownFileType</key>
			<string>sourcecode.c.h</string>
			<key>path</key>
			<string>TSPythonViewController.h</string>
			<key>sourceTree</key>
			<string>&lt;group&gt;</string>
		</dict>
		<key>EE14B62E19C296EC00332BE4</key>
		<dict>
			<key>fileEncoding</key>
			<string>4</string>
			<key>isa</key>
			<string>PBXFileReference</string>
			<key>lastKnownFileType</key>
			<string>sourcecode.c.objc</string>
			<key>path</key>
			<string>TSPythonViewController.m</string>
			<key>sourceTree</key>
			<string>&lt;group&gt;</string>
		</dict>
		<key>EE14B62F19C296EC00332BE4</key>
		<dict>
			<key>fileRef</key>
			<string>EE14B62E19C296EC00332BE4</string>
			<key>isa</key>
			<string>PBXBuildFile</string>
		</dict>
		<key>EE19B84B1A43F5E700D04457</key>
		<dict>
			<key>isa</key>
			<string>PBXFileReference</string>
			<key>lastKnownFileType</key>
			<string>video.quicktime</string>
			<key>path</key>
			<string>test.mov</string>
			<key>sourceTree</key>
			<string>&lt;group&gt;</string>
		</dict>
		<key>EE19B84C1A43F5E700D04457</key>
		<dict>
			<key>fileRef</key>
			<string>EE19B84B1A43F5E700D04457</string>
			<key>isa</key>
			<string>PBXBuildFile</string>
		</dict>
		<key>EE281ACA198A5F6F00F37208</key>
		<dict>
			<key>children</key>
			<array>
				<string>EECC60A51A353CF4008172B3</string>
				<string>EE9CA1771991D36C00A713BA</string>
				<string>EE281ADC198A5F6F00F37208</string>
				<string>EE281AFB198A5F6F00F37208</string>
				<string>EE281AD5198A5F6F00F37208</string>
				<string>EE281AD4198A5F6F00F37208</string>
				<string>7121AEC65FDACBB398E3230E</string>
			</array>
			<key>isa</key>
			<string>PBXGroup</string>
			<key>sourceTree</key>
			<string>&lt;group&gt;</string>
		</dict>
		<key>EE281ACB198A5F6F00F37208</key>
		<dict>
			<key>attributes</key>
			<dict>
				<key>CLASSPREFIX</key>
				<string>TS</string>
				<key>LastUpgradeCheck</key>
				<string>0510</string>
				<key>ORGANIZATIONNAME</key>
				<string>platomix</string>
				<key>TargetAttributes</key>
				<dict>
					<key>EE281AF3198A5F6F00F37208</key>
					<dict>
						<key>TestTargetID</key>
						<string>EE281AD2198A5F6F00F37208</string>
					</dict>
				</dict>
			</dict>
			<key>buildConfigurationList</key>
			<string>EE281ACE198A5F6F00F37208</string>
			<key>compatibilityVersion</key>
			<string>Xcode 3.2</string>
			<key>developmentRegion</key>
			<string>English</string>
			<key>hasScannedForEncodings</key>
			<string>0</string>
			<key>isa</key>
			<string>PBXProject</string>
			<key>knownRegions</key>
			<array>
				<string>en</string>
				<string>Base</string>
			</array>
			<key>mainGroup</key>
			<string>EE281ACA198A5F6F00F37208</string>
			<key>productRefGroup</key>
			<string>EE281AD4198A5F6F00F37208</string>
			<key>projectDirPath</key>
			<string></string>
			<key>projectReferences</key>
			<array>
				<dict>
					<key>ProductGroup</key>
					<string>EE3975401A43F380007DF9DF</string>
					<key>ProjectRef</key>
					<string>EE39753F1A43F380007DF9DF</string>
				</dict>
			</array>
			<key>projectRoot</key>
			<string></string>
			<key>targets</key>
			<array>
				<string>EE281AD2198A5F6F00F37208</string>
				<string>EE281AF3198A5F6F00F37208</string>
			</array>
		</dict>
		<key>EE281ACE198A5F6F00F37208</key>
		<dict>
			<key>buildConfigurations</key>
			<array>
				<string>EE281B03198A5F6F00F37208</string>
				<string>EE281B04198A5F6F00F37208</string>
			</array>
			<key>defaultConfigurationIsVisible</key>
			<string>0</string>
			<key>defaultConfigurationName</key>
			<string>Release</string>
			<key>isa</key>
			<string>XCConfigurationList</string>
		</dict>
		<key>EE281ACF198A5F6F00F37208</key>
		<dict>
			<key>buildActionMask</key>
			<string>2147483647</string>
			<key>files</key>
			<array>
				<string>EE14B62F19C296EC00332BE4</string>
				<string>EE9CA17D1991D3F200A713BA</string>
				<string>EE85FA261998C14B00A4E99D</string>
				<string>EE281AE3198A5F6F00F37208</string>
				<string>EE281AE7198A5F6F00F37208</string>
				<string>EEBF0DE119A301EA006B0DDD</string>
				<string>EE4B6E9B199DAE7900BD3B98</string>
				<string>EEB3C8CF1994E02B0004377C</string>
				<string>EEBF0DDE19A30181006B0DDD</string>
				<string>EEBAB1FB199859D60021D093</string>
				<string>EE281B0D198A5F9E00F37208</string>
				<string>EE9CA1801993786600A713BA</string>
				<string>EEBF0DE419A341FE006B0DDD</string>
				<string>EE9CA17A1991D38600A713BA</string>
				<string>EE39754E1A43F41D007DF9DF</string>
				<string>EE4B6E98199B6DCC00BD3B98</string>
				<string>EEB5A2121A19F3AC00681C44</string>
				<string>EE281AED198A5F6F00F37208</string>
				<string>EE9CA18319937A8500A713BA</string>
			</array>
			<key>isa</key>
			<string>PBXSourcesBuildPhase</string>
			<key>runOnlyForDeploymentPostprocessing</key>
			<string>0</string>
		</dict>
		<key>EE281AD0198A5F6F00F37208</key>
		<dict>
			<key>buildActionMask</key>
			<string>2147483647</string>
			<key>files</key>
			<array>
				<string>EE3975491A43F3B5007DF9DF</string>
				<string>EE281AD9198A5F6F00F37208</string>
				<string>EE281ADB198A5F6F00F37208</string>
				<string>EE281AD7198A5F6F00F37208</string>
				<string>1CA94E7DC9EC4A1583DC6A99</string>
			</array>
			<key>isa</key>
			<string>PBXFrameworksBuildPhase</string>
			<key>runOnlyForDeploymentPostprocessing</key>
			<string>0</string>
		</dict>
		<key>EE281AD1198A5F6F00F37208</key>
		<dict>
			<key>buildActionMask</key>
			<string>2147483647</string>
			<key>files</key>
			<array>
				<string>EEB5A20F1A19EE3D00681C44</string>
				<string>EE281AEF198A5F6F00F37208</string>
				<string>EE281AE1198A5F6F00F37208</string>
				<string>EEE0711E1A3FD9B80011BCE1</string>
				<string>EEBAB1FC199859D60021D093</string>
				<string>EEE0711D1A3FD9B80011BCE1</string>
				<string>EE19B84C1A43F5E700D04457</string>
				<string>EE281AEA198A5F6F00F37208</string>
				<string>EEBF7CE91A175672001C3EF2</string>
				<string>EECC60A61A353CF4008172B3</string>
			</array>
			<key>isa</key>
			<string>PBXResourcesBuildPhase</string>
			<key>runOnlyForDeploymentPostprocessing</key>
			<string>0</string>
		</dict>
		<key>EE281AD2198A5F6F00F37208</key>
		<dict>
			<key>buildConfigurationList</key>
			<string>EE281B05198A5F6F00F37208</string>
			<key>buildPhases</key>
			<array>
				<string>F582C9BF89CE495C8C98A660</string>
				<string>EE281ACF198A5F6F00F37208</string>
				<string>EE281AD0198A5F6F00F37208</string>
				<string>EE281AD1198A5F6F00F37208</string>
				<string>79FE340A8B3A4D588E60C18B</string>
			</array>
			<key>buildRules</key>
			<array/>
			<key>dependencies</key>
			<array>
				<string>EE39754B1A43F3BB007DF9DF</string>
			</array>
			<key>isa</key>
			<string>PBXNativeTarget</string>
			<key>name</key>
			<string>Test</string>
			<key>productName</key>
			<string>Test</string>
			<key>productReference</key>
			<string>EE281AD3198A5F6F00F37208</string>
			<key>productType</key>
			<string>com.apple.product-type.application</string>
		</dict>
		<key>EE281AD3198A5F6F00F37208</key>
		<dict>
			<key>explicitFileType</key>
			<string>wrapper.application</string>
			<key>includeInIndex</key>
			<string>0</string>
			<key>isa</key>
			<string>PBXFileReference</string>
			<key>path</key>
			<string>Test.app</string>
			<key>sourceTree</key>
			<string>BUILT_PRODUCTS_DIR</string>
		</dict>
		<key>EE281AD4198A5F6F00F37208</key>
		<dict>
			<key>children</key>
			<array>
				<string>EE281AD3198A5F6F00F37208</string>
				<string>EE281AF4198A5F6F00F37208</string>
			</array>
			<key>isa</key>
			<string>PBXGroup</string>
			<key>name</key>
			<string>Products</string>
			<key>sourceTree</key>
			<string>&lt;group&gt;</string>
		</dict>
		<key>EE281AD5198A5F6F00F37208</key>
		<dict>
			<key>children</key>
			<array>
				<string>EE39753F1A43F380007DF9DF</string>
				<string>EE281AD6198A5F6F00F37208</string>
				<string>EE281AD8198A5F6F00F37208</string>
				<string>EE281ADA198A5F6F00F37208</string>
				<string>EE281AF5198A5F6F00F37208</string>
				<string>EB5E8FFC218D4743BF9F1A2B</string>
			</array>
			<key>isa</key>
			<string>PBXGroup</string>
			<key>name</key>
			<string>Frameworks</string>
			<key>sourceTree</key>
			<string>&lt;group&gt;</string>
		</dict>
		<key>EE281AD6198A5F6F00F37208</key>
		<dict>
			<key>isa</key>
			<string>PBXFileReference</string>
			<key>lastKnownFileType</key>
			<string>wrapper.framework</string>
			<key>name</key>
			<string>Foundation.framework</string>
			<key>path</key>
			<string>System/Library/Frameworks/Foundation.framework</string>
			<key>sourceTree</key>
			<string>SDKROOT</string>
		</dict>
		<key>EE281AD7198A5F6F00F37208</key>
		<dict>
			<key>fileRef</key>
			<string>EE281AD6198A5F6F00F37208</string>
			<key>isa</key>
			<string>PBXBuildFile</string>
		</dict>
		<key>EE281AD8198A5F6F00F37208</key>
		<dict>
			<key>isa</key>
			<string>PBXFileReference</string>
			<key>lastKnownFileType</key>
			<string>wrapper.framework</string>
			<key>name</key>
			<string>CoreGraphics.framework</string>
			<key>path</key>
			<string>System/Library/Frameworks/CoreGraphics.framework</string>
			<key>sourceTree</key>
			<string>SDKROOT</string>
		</dict>
		<key>EE281AD9198A5F6F00F37208</key>
		<dict>
			<key>fileRef</key>
			<string>EE281AD8198A5F6F00F37208</string>
			<key>isa</key>
			<string>PBXBuildFile</string>
		</dict>
		<key>EE281ADA198A5F6F00F37208</key>
		<dict>
			<key>isa</key>
			<string>PBXFileReference</string>
			<key>lastKnownFileType</key>
			<string>wrapper.framework</string>
			<key>name</key>
			<string>UIKit.framework</string>
			<key>path</key>
			<string>System/Library/Frameworks/UIKit.framework</string>
			<key>sourceTree</key>
			<string>SDKROOT</string>
		</dict>
		<key>EE281ADB198A5F6F00F37208</key>
		<dict>
			<key>fileRef</key>
			<string>EE281ADA198A5F6F00F37208</string>
			<key>isa</key>
			<string>PBXBuildFile</string>
		</dict>
		<key>EE281ADC198A5F6F00F37208</key>
		<dict>
			<key>children</key>
			<array>
				<string>EEB3C8CD1994E02B0004377C</string>
				<string>EEB3C8CE1994E02B0004377C</string>
				<string>EE281AE5198A5F6F00F37208</string>
				<string>EE281AE6198A5F6F00F37208</string>
				<string>EE281AE8198A5F6F00F37208</string>
				<string>EE281AEB198A5F6F00F37208</string>
				<string>EE281AEC198A5F6F00F37208</string>
				<string>EE281AEE198A5F6F00F37208</string>
				<string>EE281ADD198A5F6F00F37208</string>
				<string>EE281B0B198A5F9E00F37208</string>
				<string>EE281B0C198A5F9E00F37208</string>
				<string>EE9CA17E1993786600A713BA</string>
				<string>EE9CA17F1993786600A713BA</string>
				<string>EE9CA18119937A8500A713BA</string>
				<string>EE9CA18219937A8500A713BA</string>
				<string>EEBAB1F8199859D60021D093</string>
				<string>EEBAB1F9199859D60021D093</string>
				<string>EEBAB1FA199859D60021D093</string>
				<string>EE85FA241998C14B00A4E99D</string>
				<string>EE85FA251998C14B00A4E99D</string>
				<string>EE4B6E96199B6DCC00BD3B98</string>
				<string>EE4B6E97199B6DCC00BD3B98</string>
				<string>EE4B6E99199DAE7900BD3B98</string>
				<string>EE4B6E9A199DAE7900BD3B98</string>
				<string>EEBF0DDC19A30181006B0DDD</string>
				<string>EEBF0DDD19A30181006B0DDD</string>
				<string>EEBF0DDF19A301EA006B0DDD</string>
				<string>EEBF0DE019A301EA006B0DDD</string>
				<string>EEBF0DE219A341FE006B0DDD</string>
				<string>EEBF0DE319A341FE006B0DDD</string>
				<string>EE14B62D19C296EC00332BE4</string>
				<string>EE14B62E19C296EC00332BE4</string>
				<string>EEB5A2101A19F3AC00681C44</string>
				<string>EEB5A2111A19F3AC00681C44</string>
				<string>EE39754C1A43F41D007DF9DF</string>
				<string>EE39754D1A43F41D007DF9DF</string>
			</array>
			<key>isa</key>
			<string>PBXGroup</string>
			<key>path</key>
			<string>Test</string>
			<key>sourceTree</key>
			<string>&lt;group&gt;</string>
		</dict>
		<key>EE281ADD198A5F6F00F37208</key>
		<dict>
			<key>children</key>
			<array>
				<string>EE19B84B1A43F5E700D04457</string>
				<string>EEE0711B1A3FD9B80011BCE1</string>
				<string>EEE0711C1A3FD9B80011BCE1</string>
				<string>EEB5A20E1A19EE3D00681C44</string>
				<string>EEBF7CE81A175672001C3EF2</string>
				<string>EE281ADE198A5F6F00F37208</string>
				<string>EE281ADF198A5F6F00F37208</string>
				<string>EE281AE2198A5F6F00F37208</string>
				<string>EE281AE4198A5F6F00F37208</string>
			</array>
			<key>isa</key>
			<string>PBXGroup</string>
			<key>name</key>
			<string>Supporting Files</string>
			<key>sourceTree</key>
			<string>&lt;group&gt;</string>
		</dict>
		<key>EE281ADE198A5F6F00F37208</key>
		<dict>
			<key>isa</key>
			<string>PBXFileReference</string>
			<key>lastKnownFileType</key>
			<string>text.plist.xml</string>
			<key>path</key>
			<string>Test-Info.plist</string>
			<key>sourceTree</key>
			<string>&lt;group&gt;</string>
		</dict>
		<key>EE281ADF198A5F6F00F37208</key>
		<dict>
			<key>children</key>
			<array>
				<string>EE281AE0198A5F6F00F37208</string>
			</array>
			<key>isa</key>
			<string>PBXVariantGroup</string>
			<key>name</key>
			<string>InfoPlist.strings</string>
			<key>sourceTree</key>
			<string>&lt;group&gt;</string>
		</dict>
		<key>EE281AE0198A5F6F00F37208</key>
		<dict>
			<key>isa</key>
			<string>PBXFileReference</string>
			<key>lastKnownFileType</key>
			<string>text.plist.strings</string>
			<key>name</key>
			<string>en</string>
			<key>path</key>
			<string>en.lproj/InfoPlist.strings</string>
			<key>sourceTree</key>
			<string>&lt;group&gt;</string>
		</dict>
		<key>EE281AE1198A5F6F00F37208</key>
		<dict>
			<key>fileRef</key>
			<string>EE281ADF198A5F6F00F37208</string>
			<key>isa</key>
			<string>PBXBuildFile</string>
		</dict>
		<key>EE281AE2198A5F6F00F37208</key>
		<dict>
			<key>isa</key>
			<string>PBXFileReference</string>
			<key>lastKnownFileType</key>
			<string>sourcecode.c.objc</string>
			<key>path</key>
			<string>main.m</string>
			<key>sourceTree</key>
			<string>&lt;group&gt;</string>
		</dict>
		<key>EE281AE3198A5F6F00F37208</key>
		<dict>
			<key>fileRef</key>
			<string>EE281AE2198A5F6F00F37208</string>
			<key>isa</key>
			<string>PBXBuildFile</string>
		</dict>
		<key>EE281AE4198A5F6F00F37208</key>
		<dict>
			<key>isa</key>
			<string>PBXFileReference</string>
			<key>lastKnownFileType</key>
			<string>sourcecode.c.h</string>
			<key>path</key>
			<string>Test-Prefix.pch</string>
			<key>sourceTree</key>
			<string>&lt;group&gt;</string>
		</dict>
		<key>EE281AE5198A5F6F00F37208</key>
		<dict>
			<key>isa</key>
			<string>PBXFileReference</string>
			<key>lastKnownFileType</key>
			<string>sourcecode.c.h</string>
			<key>path</key>
			<string>TSAppDelegate.h</string>
			<key>sourceTree</key>
			<string>&lt;group&gt;</string>
		</dict>
		<key>EE281AE6198A5F6F00F37208</key>
		<dict>
			<key>isa</key>
			<string>PBXFileReference</string>
			<key>lastKnownFileType</key>
			<string>sourcecode.c.objc</string>
			<key>path</key>
			<string>TSAppDelegate.m</string>
			<key>sourceTree</key>
			<string>&lt;group&gt;</string>
		</dict>
		<key>EE281AE7198A5F6F00F37208</key>
		<dict>
			<key>fileRef</key>
			<string>EE281AE6198A5F6F00F37208</string>
			<key>isa</key>
			<string>PBXBuildFile</string>
		</dict>
		<key>EE281AE8198A5F6F00F37208</key>
		<dict>
			<key>children</key>
			<array>
				<string>EE281AE9198A5F6F00F37208</string>
			</array>
			<key>isa</key>
			<string>PBXVariantGroup</string>
			<key>name</key>
			<string>Main.storyboard</string>
			<key>sourceTree</key>
			<string>&lt;group&gt;</string>
		</dict>
		<key>EE281AE9198A5F6F00F37208</key>
		<dict>
			<key>isa</key>
			<string>PBXFileReference</string>
			<key>lastKnownFileType</key>
			<string>file.storyboard</string>
			<key>name</key>
			<string>Base</string>
			<key>path</key>
			<string>Base.lproj/Main.storyboard</string>
			<key>sourceTree</key>
			<string>&lt;group&gt;</string>
		</dict>
		<key>EE281AEA198A5F6F00F37208</key>
		<dict>
			<key>fileRef</key>
			<string>EE281AE8198A5F6F00F37208</string>
			<key>isa</key>
			<string>PBXBuildFile</string>
		</dict>
		<key>EE281AEB198A5F6F00F37208</key>
		<dict>
			<key>isa</key>
			<string>PBXFileReference</string>
			<key>lastKnownFileType</key>
			<string>sourcecode.c.h</string>
			<key>path</key>
			<string>TSViewController.h</string>
			<key>sourceTree</key>
			<string>&lt;group&gt;</string>
		</dict>
		<key>EE281AEC198A5F6F00F37208</key>
		<dict>
			<key>isa</key>
			<string>PBXFileReference</string>
			<key>lastKnownFileType</key>
			<string>sourcecode.c.objc</string>
			<key>path</key>
			<string>TSViewController.m</string>
			<key>sourceTree</key>
			<string>&lt;group&gt;</string>
		</dict>
		<key>EE281AED198A5F6F00F37208</key>
		<dict>
			<key>fileRef</key>
			<string>EE281AEC198A5F6F00F37208</string>
			<key>isa</key>
			<string>PBXBuildFile</string>
		</dict>
		<key>EE281AEE198A5F6F00F37208</key>
		<dict>
			<key>isa</key>
			<string>PBXFileReference</string>
			<key>lastKnownFileType</key>
			<string>folder.assetcatalog</string>
			<key>path</key>
			<string>Images.xcassets</string>
			<key>sourceTree</key>
			<string>&lt;group&gt;</string>
		</dict>
		<key>EE281AEF198A5F6F00F37208</key>
		<dict>
			<key>fileRef</key>
			<string>EE281AEE198A5F6F00F37208</string>
			<key>isa</key>
			<string>PBXBuildFile</string>
		</dict>
		<key>EE281AF0198A5F6F00F37208</key>
		<dict>
			<key>buildActionMask</key>
			<string>2147483647</string>
			<key>files</key>
			<array>
				<string>EE281B02198A5F6F00F37208</string>
			</array>
			<key>isa</key>
			<string>PBXSourcesBuildPhase</string>
			<key>runOnlyForDeploymentPostprocessing</key>
			<string>0</string>
		</dict>
		<key>EE281AF1198A5F6F00F37208</key>
		<dict>
			<key>buildActionMask</key>
			<string>2147483647</string>
			<key>files</key>
			<array>
				<string>EE281AF6198A5F6F00F37208</string>
				<string>EE281AF8198A5F6F00F37208</string>
				<string>EE281AF7198A5F6F00F37208</string>
			</array>
			<key>isa</key>
			<string>PBXFrameworksBuildPhase</string>
			<key>runOnlyForDeploymentPostprocessing</key>
			<string>0</string>
		</dict>
		<key>EE281AF2198A5F6F00F37208</key>
		<dict>
			<key>buildActionMask</key>
			<string>2147483647</string>
			<key>files</key>
			<array>
				<string>EE281B00198A5F6F00F37208</string>
			</array>
			<key>isa</key>
			<string>PBXResourcesBuildPhase</string>
			<key>runOnlyForDeploymentPostprocessing</key>
			<string>0</string>
		</dict>
		<key>EE281AF3198A5F6F00F37208</key>
		<dict>
			<key>buildConfigurationList</key>
			<string>EE281B08198A5F6F00F37208</string>
			<key>buildPhases</key>
			<array>
				<string>EE281AF0198A5F6F00F37208</string>
				<string>EE281AF1198A5F6F00F37208</string>
				<string>EE281AF2198A5F6F00F37208</string>
			</array>
			<key>buildRules</key>
			<array/>
			<key>dependencies</key>
			<array>
				<string>EE281AFA198A5F6F00F37208</string>
			</array>
			<key>isa</key>
			<string>PBXNativeTarget</string>
			<key>name</key>
			<string>TestTests</string>
			<key>productName</key>
			<string>TestTests</string>
			<key>productReference</key>
			<string>EE281AF4198A5F6F00F37208</string>
			<key>productType</key>
			<string>com.apple.product-type.bundle.unit-test</string>
		</dict>
		<key>EE281AF4198A5F6F00F37208</key>
		<dict>
			<key>explicitFileType</key>
			<string>wrapper.cfbundle</string>
			<key>includeInIndex</key>
			<string>0</string>
			<key>isa</key>
			<string>PBXFileReference</string>
			<key>path</key>
			<string>TestTests.xctest</string>
			<key>sourceTree</key>
			<string>BUILT_PRODUCTS_DIR</string>
		</dict>
		<key>EE281AF5198A5F6F00F37208</key>
		<dict>
			<key>isa</key>
			<string>PBXFileReference</string>
			<key>lastKnownFileType</key>
			<string>wrapper.framework</string>
			<key>name</key>
			<string>XCTest.framework</string>
			<key>path</key>
			<string>Library/Frameworks/XCTest.framework</string>
			<key>sourceTree</key>
			<string>DEVELOPER_DIR</string>
		</dict>
		<key>EE281AF6198A5F6F00F37208</key>
		<dict>
			<key>fileRef</key>
			<string>EE281AF5198A5F6F00F37208</string>
			<key>isa</key>
			<string>PBXBuildFile</string>
		</dict>
		<key>EE281AF7198A5F6F00F37208</key>
		<dict>
			<key>fileRef</key>
			<string>EE281AD6198A5F6F00F37208</string>
			<key>isa</key>
			<string>PBXBuildFile</string>
		</dict>
		<key>EE281AF8198A5F6F00F37208</key>
		<dict>
			<key>fileRef</key>
			<string>EE281ADA198A5F6F00F37208</string>
			<key>isa</key>
			<string>PBXBuildFile</string>
		</dict>
		<key>EE281AF9198A5F6F00F37208</key>
		<dict>
			<key>containerPortal</key>
			<string>EE281ACB198A5F6F00F37208</string>
			<key>isa</key>
			<string>PBXContainerItemProxy</string>
			<key>proxyType</key>
			<string>1</string>
			<key>remoteGlobalIDString</key>
			<string>EE281AD2198A5F6F00F37208</string>
			<key>remoteInfo</key>
			<string>Test</string>
		</dict>
		<key>EE281AFA198A5F6F00F37208</key>
		<dict>
			<key>isa</key>
			<string>PBXTargetDependency</string>
			<key>target</key>
			<string>EE281AD2198A5F6F00F37208</string>
			<key>targetProxy</key>
			<string>EE281AF9198A5F6F00F37208</string>
		</dict>
		<key>EE281AFB198A5F6F00F37208</key>
		<dict>
			<key>children</key>
			<array>
				<string>EE281B01198A5F6F00F37208</string>
				<string>EE281AFC198A5F6F00F37208</string>
			</array>
			<key>isa</key>
			<string>PBXGroup</string>
			<key>path</key>
			<string>TestTests</string>
			<key>sourceTree</key>
			<string>&lt;group&gt;</string>
		</dict>
		<key>EE281AFC198A5F6F00F37208</key>
		<dict>
			<key>children</key>
			<array>
				<string>EE281AFD198A5F6F00F37208</string>
				<string>EE281AFE198A5F6F00F37208</string>
			</array>
			<key>isa</key>
			<string>PBXGroup</string>
			<key>name</key>
			<string>Supporting Files</string>
			<key>sourceTree</key>
			<string>&lt;group&gt;</string>
		</dict>
		<key>EE281AFD198A5F6F00F37208</key>
		<dict>
			<key>isa</key>
			<string>PBXFileReference</string>
			<key>lastKnownFileType</key>
			<string>text.plist.xml</string>
			<key>path</key>
			<string>TestTests-Info.plist</string>
			<key>sourceTree</key>
			<string>&lt;group&gt;</string>
		</dict>
		<key>EE281AFE198A5F6F00F37208</key>
		<dict>
			<key>children</key>
			<array>
				<string>EE281AFF198A5F6F00F37208</string>
			</array>
			<key>isa</key>
			<string>PBXVariantGroup</string>
			<key>name</key>
			<string>InfoPlist.strings</string>
			<key>sourceTree</key>
			<string>&lt;group&gt;</string>
		</dict>
		<key>EE281AFF198A5F6F00F37208</key>
		<dict>
			<key>isa</key>
			<string>PBXFileReference</string>
			<key>lastKnownFileType</key>
			<string>text.plist.strings</string>
			<key>name</key>
			<string>en</string>
			<key>path</key>
			<string>en.lproj/InfoPlist.strings</string>
			<key>sourceTree</key>
			<string>&lt;group&gt;</string>
		</dict>
		<key>EE281B00198A5F6F00F37208</key>
		<dict>
			<key>fileRef</key>
			<string>EE281AFE198A5F6F00F37208</string>
			<key>isa</key>
			<string>PBXBuildFile</string>
		</dict>
		<key>EE281B01198A5F6F00F37208</key>
		<dict>
			<key>isa</key>
			<string>PBXFileReference</string>
			<key>lastKnownFileType</key>
			<string>sourcecode.c.objc</string>
			<key>path</key>
			<string>TestTests.m</string>
			<key>sourceTree</key>
			<string>&lt;group&gt;</string>
		</dict>
		<key>EE281B02198A5F6F00F37208</key>
		<dict>
			<key>fileRef</key>
			<string>EE281B01198A5F6F00F37208</string>
			<key>isa</key>
			<string>PBXBuildFile</string>
		</dict>
		<key>EE281B03198A5F6F00F37208</key>
		<dict>
			<key>buildSettings</key>
			<dict>
				<key>ALWAYS_SEARCH_USER_PATHS</key>
				<string>NO</string>
				<key>CLANG_CXX_LANGUAGE_STANDARD</key>
				<string>gnu++0x</string>
				<key>CLANG_CXX_LIBRARY</key>
				<string>libc++</string>
				<key>CLANG_ENABLE_MODULES</key>
				<string>YES</string>
				<key>CLANG_ENABLE_OBJC_ARC</key>
				<string>YES</string>
				<key>CLANG_WARN_BOOL_CONVERSION</key>
				<string>YES</string>
				<key>CLANG_WARN_CONSTANT_CONVERSION</key>
				<string>YES</string>
				<key>CLANG_WARN_DIRECT_OBJC_ISA_USAGE</key>
				<string>YES_ERROR</string>
				<key>CLANG_WARN_EMPTY_BODY</key>
				<string>YES</string>
				<key>CLANG_WARN_ENUM_CONVERSION</key>
				<string>YES</string>
				<key>CLANG_WARN_INT_CONVERSION</key>
				<string>YES</string>
				<key>CLANG_WARN_OBJC_ROOT_CLASS</key>
				<string>YES_ERROR</string>
				<key>CLANG_WARN__DUPLICATE_METHOD_MATCH</key>
				<string>YES</string>
				<key>CODE_SIGN_IDENTITY[sdk=iphoneos*]</key>
				<string>iPhone Developer</string>
				<key>COPY_PHASE_STRIP</key>
				<string>NO</string>
				<key>GCC_C_LANGUAGE_STANDARD</key>
				<string>gnu99</string>
				<key>GCC_DYNAMIC_NO_PIC</key>
				<string>NO</string>
				<key>GCC_OPTIMIZATION_LEVEL</key>
				<string>0</string>
				<key>GCC_PREPROCESSOR_DEFINITIONS</key>
				<array>
					<string>DEBUG=1</string>
					<string>$(inherited)</string>
				</array>
				<key>GCC_SYMBOLS_PRIVATE_EXTERN</key>
				<string>NO</string>
				<key>GCC_WARN_64_TO_32_BIT_CONVERSION</key>
				<string>YES</string>
				<key>GCC_WARN_ABOUT_RETURN_TYPE</key>
				<string>YES_ERROR</string>
				<key>GCC_WARN_UNDECLARED_SELECTOR</key>
				<string>YES</string>
				<key>GCC_WARN_UNINITIALIZED_AUTOS</key>
				<string>YES_AGGRESSIVE</string>
				<key>GCC_WARN_UNUSED_FUNCTION</key>
				<string>YES</string>
				<key>GCC_WARN_UNUSED_VARIABLE</key>
				<string>YES</string>
				<key>IPHONEOS_DEPLOYMENT_TARGET</key>
				<string>7.1</string>
				<key>ONLY_ACTIVE_ARCH</key>
				<string>YES</string>
				<key>SDKROOT</key>
				<string>iphoneos</string>
			</dict>
			<key>isa</key>
			<string>XCBuildConfiguration</string>
			<key>name</key>
			<string>Debug</string>
		</dict>
		<key>EE281B04198A5F6F00F37208</key>
		<dict>
			<key>buildSettings</key>
			<dict>
				<key>ALWAYS_SEARCH_USER_PATHS</key>
				<string>NO</string>
				<key>CLANG_CXX_LANGUAGE_STANDARD</key>
				<string>gnu++0x</string>
				<key>CLANG_CXX_LIBRARY</key>
				<string>libc++</string>
				<key>CLANG_ENABLE_MODULES</key>
				<string>YES</string>
				<key>CLANG_ENABLE_OBJC_ARC</key>
				<string>YES</string>
				<key>CLANG_WARN_BOOL_CONVERSION</key>
				<string>YES</string>
				<key>CLANG_WARN_CONSTANT_CONVERSION</key>
				<string>YES</string>
				<key>CLANG_WARN_DIRECT_OBJC_ISA_USAGE</key>
				<string>YES_ERROR</string>
				<key>CLANG_WARN_EMPTY_BODY</key>
				<string>YES</string>
				<key>CLANG_WARN_ENUM_CONVERSION</key>
				<string>YES</string>
				<key>CLANG_WARN_INT_CONVERSION</key>
				<string>YES</string>
				<key>CLANG_WARN_OBJC_ROOT_CLASS</key>
				<string>YES_ERROR</string>
				<key>CLANG_WARN__DUPLICATE_METHOD_MATCH</key>
				<string>YES</string>
				<key>CODE_SIGN_IDENTITY[sdk=iphoneos*]</key>
				<string>iPhone Developer</string>
				<key>COPY_PHASE_STRIP</key>
				<string>YES</string>
				<key>ENABLE_NS_ASSERTIONS</key>
				<string>NO</string>
				<key>GCC_C_LANGUAGE_STANDARD</key>
				<string>gnu99</string>
				<key>GCC_WARN_64_TO_32_BIT_CONVERSION</key>
				<string>YES</string>
				<key>GCC_WARN_ABOUT_RETURN_TYPE</key>
				<string>YES_ERROR</string>
				<key>GCC_WARN_UNDECLARED_SELECTOR</key>
				<string>YES</string>
				<key>GCC_WARN_UNINITIALIZED_AUTOS</key>
				<string>YES_AGGRESSIVE</string>
				<key>GCC_WARN_UNUSED_FUNCTION</key>
				<string>YES</string>
				<key>GCC_WARN_UNUSED_VARIABLE</key>
				<string>YES</string>
				<key>IPHONEOS_DEPLOYMENT_TARGET</key>
				<string>7.1</string>
				<key>SDKROOT</key>
				<string>iphoneos</string>
				<key>VALIDATE_PRODUCT</key>
				<string>YES</string>
			</dict>
			<key>isa</key>
			<string>XCBuildConfiguration</string>
			<key>name</key>
			<string>Release</string>
		</dict>
		<key>EE281B05198A5F6F00F37208</key>
		<dict>
			<key>buildConfigurations</key>
			<array>
				<string>EE281B06198A5F6F00F37208</string>
				<string>EE281B07198A5F6F00F37208</string>
			</array>
			<key>defaultConfigurationIsVisible</key>
			<string>0</string>
			<key>defaultConfigurationName</key>
			<string>Release</string>
			<key>isa</key>
			<string>XCConfigurationList</string>
		</dict>
		<key>EE281B06198A5F6F00F37208</key>
		<dict>
			<key>baseConfigurationReference</key>
			<string>3CB00018322C6534A1719757</string>
			<key>buildSettings</key>
			<dict>
				<key>ASSETCATALOG_COMPILER_APPICON_NAME</key>
				<string>AppIcon</string>
				<key>ASSETCATALOG_COMPILER_LAUNCHIMAGE_NAME</key>
				<string>LaunchImage</string>
				<key>GCC_PRECOMPILE_PREFIX_HEADER</key>
				<string>YES</string>
				<key>GCC_PREFIX_HEADER</key>
				<string>Test/Test-Prefix.pch</string>
				<key>HEADER_SEARCH_PATHS</key>
				<array>
					<string>"${PODS_ROOT}/Headers"</string>
					<string>"${PODS_ROOT}/Headers/AFNetworking"</string>
					<string>"${PODS_ROOT}/Headers/AFViewShaker"</string>
					<string>"${PODS_ROOT}/Headers/FastAnimationWithPOP"</string>
					<string>"${PODS_ROOT}/Headers/Fingertips"</string>
					<string>"${PODS_ROOT}/Headers/Reveal-iOS-SDK"</string>
					<string>"${PODS_ROOT}/Headers/SDWebImage"</string>
					<string>"${PODS_ROOT}/Headers/pop"</string>
					<string>framework/../**</string>
				</array>
				<key>INFOPLIST_FILE</key>
				<string>Test/Test-Info.plist</string>
				<key>PRODUCT_NAME</key>
				<string>$(TARGET_NAME)</string>
				<key>WRAPPER_EXTENSION</key>
				<string>app</string>
			</dict>
			<key>isa</key>
			<string>XCBuildConfiguration</string>
			<key>name</key>
			<string>Debug</string>
		</dict>
		<key>EE281B07198A5F6F00F37208</key>
		<dict>
			<key>baseConfigurationReference</key>
			<string>770D7CBAEF7447E777F4AF01</string>
			<key>buildSettings</key>
			<dict>
				<key>ASSETCATALOG_COMPILER_APPICON_NAME</key>
				<string>AppIcon</string>
				<key>ASSETCATALOG_COMPILER_LAUNCHIMAGE_NAME</key>
				<string>LaunchImage</string>
				<key>GCC_PRECOMPILE_PREFIX_HEADER</key>
				<string>YES</string>
				<key>GCC_PREFIX_HEADER</key>
				<string>Test/Test-Prefix.pch</string>
				<key>HEADER_SEARCH_PATHS</key>
				<array>
					<string>"${PODS_ROOT}/Headers"</string>
					<string>"${PODS_ROOT}/Headers/AFNetworking"</string>
					<string>"${PODS_ROOT}/Headers/AFViewShaker"</string>
					<string>"${PODS_ROOT}/Headers/FastAnimationWithPOP"</string>
					<string>"${PODS_ROOT}/Headers/Fingertips"</string>
					<string>"${PODS_ROOT}/Headers/Reveal-iOS-SDK"</string>
					<string>"${PODS_ROOT}/Headers/SDWebImage"</string>
					<string>"${PODS_ROOT}/Headers/pop"</string>
					<string>framework/../**</string>
				</array>
				<key>INFOPLIST_FILE</key>
				<string>Test/Test-Info.plist</string>
				<key>PRODUCT_NAME</key>
				<string>$(TARGET_NAME)</string>
				<key>WRAPPER_EXTENSION</key>
				<string>app</string>
			</dict>
			<key>isa</key>
			<string>XCBuildConfiguration</string>
			<key>name</key>
			<string>Release</string>
		</dict>
		<key>EE281B08198A5F6F00F37208</key>
		<dict>
			<key>buildConfigurations</key>
			<array>
				<string>EE281B09198A5F6F00F37208</string>
				<string>EE281B0A198A5F6F00F37208</string>
			</array>
			<key>defaultConfigurationIsVisible</key>
			<string>0</string>
			<key>defaultConfigurationName</key>
			<string>Release</string>
			<key>isa</key>
			<string>XCConfigurationList</string>
		</dict>
		<key>EE281B09198A5F6F00F37208</key>
		<dict>
			<key>buildSettings</key>
			<dict>
				<key>BUNDLE_LOADER</key>
				<string>$(BUILT_PRODUCTS_DIR)/Test.app/Test</string>
				<key>FRAMEWORK_SEARCH_PATHS</key>
				<array>
					<string>$(SDKROOT)/Developer/Library/Frameworks</string>
					<string>$(inherited)</string>
					<string>$(DEVELOPER_FRAMEWORKS_DIR)</string>
				</array>
				<key>GCC_PRECOMPILE_PREFIX_HEADER</key>
				<string>YES</string>
				<key>GCC_PREFIX_HEADER</key>
				<string>Test/Test-Prefix.pch</string>
				<key>GCC_PREPROCESSOR_DEFINITIONS</key>
				<array>
					<string>DEBUG=1</string>
					<string>$(inherited)</string>
				</array>
				<key>INFOPLIST_FILE</key>
				<string>TestTests/TestTests-Info.plist</string>
				<key>PRODUCT_NAME</key>
				<string>$(TARGET_NAME)</string>
				<key>TEST_HOST</key>
				<string>$(BUNDLE_LOADER)</string>
				<key>WRAPPER_EXTENSION</key>
				<string>xctest</string>
			</dict>
			<key>isa</key>
			<string>XCBuildConfiguration</string>
			<key>name</key>
			<string>Debug</string>
		</dict>
		<key>EE281B0A198A5F6F00F37208</key>
		<dict>
			<key>buildSettings</key>
			<dict>
				<key>BUNDLE_LOADER</key>
				<string>$(BUILT_PRODUCTS_DIR)/Test.app/Test</string>
				<key>FRAMEWORK_SEARCH_PATHS</key>
				<array>
					<string>$(SDKROOT)/Developer/Library/Frameworks</string>
					<string>$(inherited)</string>
					<string>$(DEVELOPER_FRAMEWORKS_DIR)</string>
				</array>
				<key>GCC_PRECOMPILE_PREFIX_HEADER</key>
				<string>YES</string>
				<key>GCC_PREFIX_HEADER</key>
				<string>Test/Test-Prefix.pch</string>
				<key>INFOPLIST_FILE</key>
				<string>TestTests/TestTests-Info.plist</string>
				<key>PRODUCT_NAME</key>
				<string>$(TARGET_NAME)</string>
				<key>TEST_HOST</key>
				<string>$(BUNDLE_LOADER)</string>
				<key>WRAPPER_EXTENSION</key>
				<string>xctest</string>
			</dict>
			<key>isa</key>
			<string>XCBuildConfiguration</string>
			<key>name</key>
			<string>Release</string>
		</dict>
		<key>EE281B0B198A5F9E00F37208</key>
		<dict>
			<key>fileEncoding</key>
			<string>4</string>
			<key>isa</key>
			<string>PBXFileReference</string>
			<key>lastKnownFileType</key>
			<string>sourcecode.c.h</string>
			<key>path</key>
			<string>TSUncaughtExceptionHandler.h</string>
			<key>sourceTree</key>
			<string>&lt;group&gt;</string>
		</dict>
		<key>EE281B0C198A5F9E00F37208</key>
		<dict>
			<key>fileEncoding</key>
			<string>4</string>
			<key>isa</key>
			<string>PBXFileReference</string>
			<key>lastKnownFileType</key>
			<string>sourcecode.c.objc</string>
			<key>path</key>
			<string>TSUncaughtExceptionHandler.m</string>
			<key>sourceTree</key>
			<string>&lt;group&gt;</string>
		</dict>
		<key>EE281B0D198A5F9E00F37208</key>
		<dict>
			<key>fileRef</key>
			<string>EE281B0C198A5F9E00F37208</string>
			<key>isa</key>
			<string>PBXBuildFile</string>
		</dict>
		<key>EE39753F1A43F380007DF9DF</key>
		<dict>
			<key>isa</key>
			<string>PBXFileReference</string>
			<key>lastKnownFileType</key>
			<string>wrapper.pb-project</string>
			<key>name</key>
			<string>GPUImage.xcodeproj</string>
			<key>path</key>
			<string>framework/GPUImage.xcodeproj</string>
			<key>sourceTree</key>
			<string>&lt;group&gt;</string>
		</dict>
		<key>EE3975401A43F380007DF9DF</key>
		<dict>
			<key>children</key>
			<array>
				<string>EE3975461A43F381007DF9DF</string>
				<string>EE3975481A43F381007DF9DF</string>
			</array>
			<key>isa</key>
			<string>PBXGroup</string>
			<key>name</key>
			<string>Products</string>
			<key>sourceTree</key>
			<string>&lt;group&gt;</string>
		</dict>
		<key>EE3975451A43F381007DF9DF</key>
		<dict>
			<key>containerPortal</key>
			<string>EE39753F1A43F380007DF9DF</string>
			<key>isa</key>
			<string>PBXContainerItemProxy</string>
			<key>proxyType</key>
			<string>2</string>
			<key>remoteGlobalIDString</key>
			<string>BCF1A33414DDB1EC00852800</string>
			<key>remoteInfo</key>
			<string>GPUImage</string>
		</dict>
		<key>EE3975461A43F381007DF9DF</key>
		<dict>
			<key>fileType</key>
			<string>archive.ar</string>
			<key>isa</key>
			<string>PBXReferenceProxy</string>
			<key>path</key>
			<string>libGPUImage.a</string>
			<key>remoteRef</key>
			<string>EE3975451A43F381007DF9DF</string>
			<key>sourceTree</key>
			<string>BUILT_PRODUCTS_DIR</string>
		</dict>
		<key>EE3975471A43F381007DF9DF</key>
		<dict>
			<key>containerPortal</key>
			<string>EE39753F1A43F380007DF9DF</string>
			<key>isa</key>
			<string>PBXContainerItemProxy</string>
			<key>proxyType</key>
			<string>2</string>
			<key>remoteGlobalIDString</key>
			<string>BCE209E51943F20C002FEED8</string>
			<key>remoteInfo</key>
			<string>GPUImageFramework</string>
		</dict>
		<key>EE3975481A43F381007DF9DF</key>
		<dict>
			<key>fileType</key>
			<string>wrapper.framework</string>
			<key>isa</key>
			<string>PBXReferenceProxy</string>
			<key>path</key>
			<string>GPUImage.framework</string>
			<key>remoteRef</key>
			<string>EE3975471A43F381007DF9DF</string>
			<key>sourceTree</key>
			<string>BUILT_PRODUCTS_DIR</string>
		</dict>
		<key>EE3975491A43F3B5007DF9DF</key>
		<dict>
			<key>fileRef</key>
			<string>EE3975461A43F381007DF9DF</string>
			<key>isa</key>
			<string>PBXBuildFile</string>
		</dict>
		<key>EE39754A1A43F3BB007DF9DF</key>
		<dict>
			<key>containerPortal</key>
			<string>EE39753F1A43F380007DF9DF</string>
			<key>isa</key>
			<string>PBXContainerItemProxy</string>
			<key>proxyType</key>
			<string>1</string>
			<key>remoteGlobalIDString</key>
			<string>BCE209E41943F20C002FEED8</string>
			<key>remoteInfo</key>
			<string>GPUImageFramework</string>
		</dict>
		<key>EE39754B1A43F3BB007DF9DF</key>
		<dict>
			<key>isa</key>
			<string>PBXTargetDependency</string>
			<key>name</key>
			<string>GPUImageFramework</string>
			<key>targetProxy</key>
			<string>EE39754A1A43F3BB007DF9DF</string>
		</dict>
		<key>EE39754C1A43F41D007DF9DF</key>
		<dict>
			<key>fileEncoding</key>
			<string>4</string>
			<key>isa</key>
			<string>PBXFileReference</string>
			<key>lastKnownFileType</key>
			<string>sourcecode.c.h</string>
			<key>path</key>
			<string>TSFaceDetectorViewController.h</string>
			<key>sourceTree</key>
			<string>&lt;group&gt;</string>
		</dict>
		<key>EE39754D1A43F41D007DF9DF</key>
		<dict>
			<key>fileEncoding</key>
			<string>4</string>
			<key>isa</key>
			<string>PBXFileReference</string>
			<key>lastKnownFileType</key>
			<string>sourcecode.c.objc</string>
			<key>path</key>
			<string>TSFaceDetectorViewController.m</string>
			<key>sourceTree</key>
			<string>&lt;group&gt;</string>
		</dict>
		<key>EE39754E1A43F41D007DF9DF</key>
		<dict>
			<key>fileRef</key>
			<string>EE39754D1A43F41D007DF9DF</string>
			<key>isa</key>
			<string>PBXBuildFile</string>
		</dict>
		<key>EE4B6E96199B6DCC00BD3B98</key>
		<dict>
			<key>fileEncoding</key>
			<string>4</string>
			<key>isa</key>
			<string>PBXFileReference</string>
			<key>lastKnownFileType</key>
			<string>sourcecode.c.h</string>
			<key>path</key>
			<string>TSMyTestView.h</string>
			<key>sourceTree</key>
			<string>&lt;group&gt;</string>
		</dict>
		<key>EE4B6E97199B6DCC00BD3B98</key>
		<dict>
			<key>fileEncoding</key>
			<string>4</string>
			<key>isa</key>
			<string>PBXFileReference</string>
			<key>lastKnownFileType</key>
			<string>sourcecode.c.objc</string>
			<key>path</key>
			<string>TSMyTestView.m</string>
			<key>sourceTree</key>
			<string>&lt;group&gt;</string>
		</dict>
		<key>EE4B6E98199B6DCC00BD3B98</key>
		<dict>
			<key>fileRef</key>
			<string>EE4B6E97199B6DCC00BD3B98</string>
			<key>isa</key>
			<string>PBXBuildFile</string>
		</dict>
		<key>EE4B6E99199DAE7900BD3B98</key>
		<dict>
			<key>fileEncoding</key>
			<string>4</string>
			<key>isa</key>
			<string>PBXFileReference</string>
			<key>lastKnownFileType</key>
			<string>sourcecode.c.h</string>
			<key>path</key>
			<string>TSDrawView.h</string>
			<key>sourceTree</key>
			<string>&lt;group&gt;</string>
		</dict>
		<key>EE4B6E9A199DAE7900BD3B98</key>
		<dict>
			<key>fileEncoding</key>
			<string>4</string>
			<key>isa</key>
			<string>PBXFileReference</string>
			<key>lastKnownFileType</key>
			<string>sourcecode.c.objc</string>
			<key>path</key>
			<string>TSDrawView.m</string>
			<key>sourceTree</key>
			<string>&lt;group&gt;</string>
		</dict>
		<key>EE4B6E9B199DAE7900BD3B98</key>
		<dict>
			<key>fileRef</key>
			<string>EE4B6E9A199DAE7900BD3B98</string>
			<key>isa</key>
			<string>PBXBuildFile</string>
		</dict>
		<key>EE85FA241998C14B00A4E99D</key>
		<dict>
			<key>fileEncoding</key>
			<string>4</string>
			<key>isa</key>
			<string>PBXFileReference</string>
			<key>lastKnownFileType</key>
			<string>sourcecode.c.h</string>
			<key>path</key>
			<string>TSAnimViewController.h</string>
			<key>sourceTree</key>
			<string>&lt;group&gt;</string>
		</dict>
		<key>EE85FA251998C14B00A4E99D</key>
		<dict>
			<key>fileEncoding</key>
			<string>4</string>
			<key>isa</key>
			<string>PBXFileReference</string>
			<key>lastKnownFileType</key>
			<string>sourcecode.c.objc</string>
			<key>path</key>
			<string>TSAnimViewController.m</string>
			<key>sourceTree</key>
			<string>&lt;group&gt;</string>
		</dict>
		<key>EE85FA261998C14B00A4E99D</key>
		<dict>
			<key>fileRef</key>
			<string>EE85FA251998C14B00A4E99D</string>
			<key>isa</key>
			<string>PBXBuildFile</string>
		</dict>
		<key>EE9CA1771991D36C00A713BA</key>
		<dict>
			<key>children</key>
			<array>
				<string>EE9CA17B1991D3F200A713BA</string>
				<string>EE9CA17C1991D3F200A713BA</string>
				<string>EE9CA1781991D38600A713BA</string>
				<string>EE9CA1791991D38600A713BA</string>
			</array>
			<key>isa</key>
			<string>PBXGroup</string>
			<key>path</key>
			<string>&#24211;&#27979;&#35797;</string>
			<key>sourceTree</key>
			<string>&lt;group&gt;</string>
		</dict>
		<key>EE9CA1781991D38600A713BA</key>
		<dict>
			<key>fileEncoding</key>
			<string>4</string>
			<key>isa</key>
			<string>PBXFileReference</string>
			<key>lastKnownFileType</key>
			<string>sourcecode.c.h</string>
			<key>path</key>
			<string>BFPaperCheckbox.h</string>
			<key>sourceTree</key>
			<string>&lt;group&gt;</string>
		</dict>
		<key>EE9CA1791991D38600A713BA</key>
		<dict>
			<key>fileEncoding</key>
			<string>4</string>
			<key>isa</key>
			<string>PBXFileReference</string>
			<key>lastKnownFileType</key>
			<string>sourcecode.c.objc</string>
			<key>path</key>
			<string>BFPaperCheckbox.m</string>
			<key>sourceTree</key>
			<string>&lt;group&gt;</string>
		</dict>
		<key>EE9CA17A1991D38600A713BA</key>
		<dict>
			<key>fileRef</key>
			<string>EE9CA1791991D38600A713BA</string>
			<key>isa</key>
			<string>PBXBuildFile</string>
		</dict>
		<key>EE9CA17B1991D3F200A713BA</key>
		<dict>
			<key>fileEncoding</key>
			<string>4</string>
			<key>isa</key>
			<string>PBXFileReference</string>
			<key>lastKnownFileType</key>
			<string>sourcecode.c.h</string>
			<key>path</key>
			<string>UIColor+BFPaperColors.h</string>
			<key>sourceTree</key>
			<string>&lt;group&gt;</string>
		</dict>
		<key>EE9CA17C1991D3F200A713BA</key>
		<dict>
			<key>fileEncoding</key>
			<string>4</string>
			<key>isa</key>
			<string>PBXFileReference</string>
			<key>lastKnownFileType</key>
			<string>sourcecode.c.objc</string>
			<key>path</key>
			<string>UIColor+BFPaperColors.m</string>
			<key>sourceTree</key>
			<string>&lt;group&gt;</string>
		</dict>
		<key>EE9CA17D1991D3F200A713BA</key>
		<dict>
			<key>fileRef</key>
			<string>EE9CA17C1991D3F200A713BA</string>
			<key>isa</key>
			<string>PBXBuildFile</string>
		</dict>
		<key>EE9CA17E1993786600A713BA</key>
		<dict>
			<key>fileEncoding</key>
			<string>4</string>
			<key>isa</key>
			<string>PBXFileReference</string>
			<key>lastKnownFileType</key>
			<string>sourcecode.c.h</string>
			<key>path</key>
			<string>TSCollViewController.h</string>
			<key>sourceTree</key>
			<string>&lt;group&gt;</string>
		</dict>
		<key>EE9CA17F1993786600A713BA</key>
		<dict>
			<key>fileEncoding</key>
			<string>4</string>
			<key>isa</key>
			<string>PBXFileReference</string>
			<key>lastKnownFileType</key>
			<string>sourcecode.c.objc</string>
			<key>path</key>
			<string>TSCollViewController.m</string>
			<key>sourceTree</key>
			<string>&lt;group&gt;</string>
		</dict>
		<key>EE9CA1801993786600A713BA</key>
		<dict>
			<key>fileRef</key>
			<string>EE9CA17F1993786600A713BA</string>
			<key>isa</key>
			<string>PBXBuildFile</string>
		</dict>
		<key>EE9CA18119937A8500A713BA</key>
		<dict>
			<key>fileEncoding</key>
			<string>4</string>
			<key>isa</key>
			<string>PBXFileReference</string>
			<key>lastKnownFileType</key>
			<string>sourcecode.c.h</string>
			<key>path</key>
			<string>TSCollectionViewLayout.h</string>
			<key>sourceTree</key>
			<string>&lt;group&gt;</string>
		</dict>
		<key>EE9CA18219937A8500A713BA</key>
		<dict>
			<key>fileEncoding</key>
			<string>4</string>
			<key>isa</key>
			<string>PBXFileReference</string>
			<key>lastKnownFileType</key>
			<string>sourcecode.c.objc</string>
			<key>path</key>
			<string>TSCollectionViewLayout.m</string>
			<key>sourceTree</key>
			<string>&lt;group&gt;</string>
		</dict>
		<key>EE9CA18319937A8500A713BA</key>
		<dict>
			<key>fileRef</key>
			<string>EE9CA18219937A8500A713BA</string>
			<key>isa</key>
			<string>PBXBuildFile</string>
		</dict>
		<key>EEB3C8CD1994E02B0004377C</key>
		<dict>
			<key>fileEncoding</key>
			<string>4</string>
			<key>isa</key>
			<string>PBXFileReference</string>
			<key>lastKnownFileType</key>
			<string>sourcecode.c.h</string>
			<key>path</key>
			<string>UIView+LoadFromNib.h</string>
			<key>sourceTree</key>
			<string>&lt;group&gt;</string>
		</dict>
		<key>EEB3C8CE1994E02B0004377C</key>
		<dict>
			<key>fileEncoding</key>
			<string>4</string>
			<key>isa</key>
			<string>PBXFileReference</string>
			<key>lastKnownFileType</key>
			<string>sourcecode.c.objc</string>
			<key>path</key>
			<string>UIView+LoadFromNib.m</string>
			<key>sourceTree</key>
			<string>&lt;group&gt;</string>
		</dict>
		<key>EEB3C8CF1994E02B0004377C</key>
		<dict>
			<key>fileRef</key>
			<string>EEB3C8CE1994E02B0004377C</string>
			<key>isa</key>
			<string>PBXBuildFile</string>
		</dict>
		<key>EEB5A20E1A19EE3D00681C44</key>
		<dict>
			<key>isa</key>
			<string>PBXFileReference</string>
			<key>lastKnownFileType</key>
			<string>file</string>
			<key>path</key>
			<string>Music.m4a</string>
			<key>sourceTree</key>
			<string>&lt;group&gt;</string>
		</dict>
		<key>EEB5A20F1A19EE3D00681C44</key>
		<dict>
			<key>fileRef</key>
			<string>EEB5A20E1A19EE3D00681C44</string>
			<key>isa</key>
			<string>PBXBuildFile</string>
		</dict>
		<key>EEB5A2101A19F3AC00681C44</key>
		<dict>
			<key>fileEncoding</key>
			<string>4</string>
			<key>isa</key>
			<string>PBXFileReference</string>
			<key>lastKnownFileType</key>
			<string>sourcecode.c.h</string>
			<key>path</key>
			<string>TSVideoEditerController.h</string>
			<key>sourceTree</key>
			<string>&lt;group&gt;</string>
		</dict>
		<key>EEB5A2111A19F3AC00681C44</key>
		<dict>
			<key>fileEncoding</key>
			<string>4</string>
			<key>isa</key>
			<string>PBXFileReference</string>
			<key>lastKnownFileType</key>
			<string>sourcecode.c.objc</string>
			<key>path</key>
			<string>TSVideoEditerController.m</string>
			<key>sourceTree</key>
			<string>&lt;group&gt;</string>
		</dict>
		<key>EEB5A2121A19F3AC00681C44</key>
		<dict>
			<key>fileRef</key>
			<string>EEB5A2111A19F3AC00681C44</string>
			<key>isa</key>
			<string>PBXBuildFile</string>
		</dict>
		<key>EEBAB1F8199859D60021D093</key>
		<dict>
			<key>fileEncoding</key>
			<string>4</string>
			<key>isa</key>
			<string>PBXFileReference</string>
			<key>lastKnownFileType</key>
			<string>sourcecode.c.h</string>
			<key>path</key>
			<string>TSView.h</string>
			<key>sourceTree</key>
			<string>&lt;group&gt;</string>
		</dict>
		<key>EEBAB1F9199859D60021D093</key>
		<dict>
			<key>fileEncoding</key>
			<string>4</string>
			<key>isa</key>
			<string>PBXFileReference</string>
			<key>lastKnownFileType</key>
			<string>sourcecode.c.objc</string>
			<key>path</key>
			<string>TSView.m</string>
			<key>sourceTree</key>
			<string>&lt;group&gt;</string>
		</dict>
		<key>EEBAB1FA199859D60021D093</key>
		<dict>
			<key>fileEncoding</key>
			<string>4</string>
			<key>isa</key>
			<string>PBXFileReference</string>
			<key>lastKnownFileType</key>
			<string>file.xib</string>
			<key>path</key>
			<string>TSView.xib</string>
			<key>sourceTree</key>
			<string>&lt;group&gt;</string>
		</dict>
		<key>EEBAB1FB199859D60021D093</key>
		<dict>
			<key>fileRef</key>
			<string>EEBAB1F9199859D60021D093</string>
			<key>isa</key>
			<string>PBXBuildFile</string>
		</dict>
		<key>EEBAB1FC199859D60021D093</key>
		<dict>
			<key>fileRef</key>
			<string>EEBAB1FA199859D60021D093</string>
			<key>isa</key>
			<string>PBXBuildFile</string>
		</dict>
		<key>EEBF0DDC19A30181006B0DDD</key>
		<dict>
			<key>fileEncoding</key>
			<string>4</string>
			<key>isa</key>
			<string>PBXFileReference</string>
			<key>lastKnownFileType</key>
			<string>sourcecode.c.h</string>
			<key>path</key>
			<string>TSAnim1ViewController.h</string>
			<key>sourceTree</key>
			<string>&lt;group&gt;</string>
		</dict>
		<key>EEBF0DDD19A30181006B0DDD</key>
		<dict>
			<key>fileEncoding</key>
			<string>4</string>
			<key>isa</key>
			<string>PBXFileReference</string>
			<key>lastKnownFileType</key>
			<string>sourcecode.c.objc</string>
			<key>path</key>
			<string>TSAnim1ViewController.m</string>
			<key>sourceTree</key>
			<string>&lt;group&gt;</string>
		</dict>
		<key>EEBF0DDE19A30181006B0DDD</key>
		<dict>
			<key>fileRef</key>
			<string>EEBF0DDD19A30181006B0DDD</string>
			<key>isa</key>
			<string>PBXBuildFile</string>
		</dict>
		<key>EEBF0DDF19A301EA006B0DDD</key>
		<dict>
			<key>fileEncoding</key>
			<string>4</string>
			<key>isa</key>
			<string>PBXFileReference</string>
			<key>lastKnownFileType</key>
			<string>sourcecode.c.h</string>
			<key>path</key>
			<string>TSCycleAnimView.h</string>
			<key>sourceTree</key>
			<string>&lt;group&gt;</string>
		</dict>
		<key>EEBF0DE019A301EA006B0DDD</key>
		<dict>
			<key>fileEncoding</key>
			<string>4</string>
			<key>isa</key>
			<string>PBXFileReference</string>
			<key>lastKnownFileType</key>
			<string>sourcecode.c.objc</string>
			<key>path</key>
			<string>TSCycleAnimView.m</string>
			<key>sourceTree</key>
			<string>&lt;group&gt;</string>
		</dict>
		<key>EEBF0DE119A301EA006B0DDD</key>
		<dict>
			<key>fileRef</key>
			<string>EEBF0DE019A301EA006B0DDD</string>
			<key>isa</key>
			<string>PBXBuildFile</string>
		</dict>
		<key>EEBF0DE219A341FE006B0DDD</key>
		<dict>
			<key>fileEncoding</key>
			<string>4</string>
			<key>isa</key>
			<string>PBXFileReference</string>
			<key>lastKnownFileType</key>
			<string>sourcecode.c.h</string>
			<key>path</key>
			<string>CatchCrash.h</string>
			<key>sourceTree</key>
			<string>&lt;group&gt;</string>
		</dict>
		<key>EEBF0DE319A341FE006B0DDD</key>
		<dict>
			<key>fileEncoding</key>
			<string>4</string>
			<key>isa</key>
			<string>PBXFileReference</string>
			<key>lastKnownFileType</key>
			<string>sourcecode.c.objc</string>
			<key>path</key>
			<string>CatchCrash.m</string>
			<key>sourceTree</key>
			<string>&lt;group&gt;</string>
		</dict>
		<key>EEBF0DE419A341FE006B0DDD</key>
		<dict>
			<key>fileRef</key>
			<string>EEBF0DE319A341FE006B0DDD</string>
			<key>isa</key>
			<string>PBXBuildFile</string>
		</dict>
		<key>EEBF7CE81A175672001C3EF2</key>
		<dict>
			<key>isa</key>
			<string>PBXFileReference</string>
			<key>lastKnownFileType</key>
			<string>file</string>
			<key>path</key>
			<string>Movie.m4v</string>
			<key>sourceTree</key>
			<string>&lt;group&gt;</string>
		</dict>
		<key>EEBF7CE91A175672001C3EF2</key>
		<dict>
			<key>fileRef</key>
			<string>EEBF7CE81A175672001C3EF2</string>
			<key>isa</key>
			<string>PBXBuildFile</string>
		</dict>
		<key>EECC60A51A353CF4008172B3</key>
		<dict>
			<key>isa</key>
			<string>PBXFileReference</string>
			<key>lastKnownFileType</key>
			<string>image.jpeg</string>
			<key>path</key>
			<string>IMG_0528.JPG</string>
			<key>sourceTree</key>
			<string>&lt;group&gt;</string>
		</dict>
		<key>EECC60A61A353CF4008172B3</key>
		<dict>
			<key>fileRef</key>
			<string>EECC60A51A353CF4008172B3</string>
			<key>isa</key>
			<string>PBXBuildFile</string>
		</dict>
		<key>EEE0711B1A3FD9B80011BCE1</key>
		<dict>
			<key>isa</key>
			<string>PBXFileReference</string>
			<key>lastKnownFileType</key>
			<string>video.quicktime</string>
			<key>path</key>
			<string>movie1.mov</string>
			<key>sourceTree</key>
			<string>&lt;group&gt;</string>
		</dict>
		<key>EEE0711C1A3FD9B80011BCE1</key>
		<dict>
			<key>isa</key>
			<string>PBXFileReference</string>
			<key>lastKnownFileType</key>
			<string>video.quicktime</string>
			<key>path</key>
			<string>movie2.mov</string>
			<key>sourceTree</key>
			<string>&lt;group&gt;</string>
		</dict>
		<key>EEE0711D1A3FD9B80011BCE1</key>
		<dict>
			<key>fileRef</key>
			<string>EEE0711B1A3FD9B80011BCE1</string>
			<key>isa</key>
			<string>PBXBuildFile</string>
		</dict>
		<key>EEE0711E1A3FD9B80011BCE1</key>
		<dict>
			<key>fileRef</key>
			<string>EEE0711C1A3FD9B80011BCE1</string>
			<key>isa</key>
			<string>PBXBuildFile</string>
		</dict>
		<key>F582C9BF89CE495C8C98A660</key>
		<dict>
			<key>buildActionMask</key>
			<string>2147483647</string>
			<key>files</key>
			<array/>
			<key>inputPaths</key>
			<array/>
			<key>isa</key>
			<string>PBXShellScriptBuildPhase</string>
			<key>name</key>
			<string>Check Pods Manifest.lock</string>
			<key>outputPaths</key>
			<array/>
			<key>runOnlyForDeploymentPostprocessing</key>
			<string>0</string>
			<key>shellPath</key>
			<string>/bin/sh</string>
			<key>shellScript</key>
			<string>diff "${PODS_ROOT}/../Podfile.lock" "${PODS_ROOT}/Manifest.lock" &gt; /dev/null
if [[ $? != 0 ]] ; then
    cat &lt;&lt; EOM
error: The sandbox is not in sync with the Podfile.lock. Run 'pod install' or update your CocoaPods installation.
EOM
    exit 1
fi
</string>
			<key>showEnvVarsInLog</key>
			<string>0</string>
		</dict>
	</dict>
	<key>rootObject</key>
	<string>EE281ACB198A5F6F00F37208</string>
</dict>
</plist>
